Microsoft Visual Studio Solution File, Format Version 10.00
# Visual Studio 2008
Project("{FAE04EC0-301F-11D3-BF4B-00C04F79EFBC}") = "GenSyntax", "GenSyntax\GenSyntax.csproj", "{8DCF8441-9BCC-46FC-B878-C65CE3C565A1}"
EndProject
Project("{FAE04EC0-301F-11D3-BF4B-00C04F79EFBC}") = "GenSyntax.Tests", "tests\GenSyntax.Tests.csproj", "{695EDA21-AE36-414B-9F5F-EE06CECC1ED0}"
EndProject
Project("{FAE04EC0-301F-11D3-BF4B-00C04F79EFBC}") = "CodeGenLib", "CodeGenLib\CodeGenLib.csproj", "{2C1A506E-FDA2-4BF1-9CE7-FBEF0E14F2B5}"
EndProject
Global
	GlobalSection(SolutionConfigurationPlatforms) = preSolution
		Debug|Any CPU = Debug|Any CPU
		Release|Any CPU = Release|Any CPU
	EndGlobalSection
	GlobalSection(ProjectConfigurationPlatforms) = postSolution
		{8DCF8441-9BCC-46FC-B878-C65CE3C565A1}.Debug|Any CPU.ActiveCfg = Debug|Any CPU
		{8DCF8441-9BCC-46FC-B878-C65CE3C565A1}.Debug|Any CPU.Build.0 = Debug|Any CPU
		{8DCF8441-9BCC-46FC-B878-C65CE3C565A1}.Release|Any CPU.ActiveCfg = Release|Any CPU
		{8DCF8441-9BCC-46FC-B878-C65CE3C565A1}.Release|Any CPU.Build.0 = Release|Any CPU
		{695EDA21-AE36-414B-9F5F-EE06CECC1ED0}.Debug|Any CPU.ActiveCfg = Debug|Any CPU
		{695EDA21-AE36-414B-9F5F-EE06CECC1ED0}.Debug|Any CPU.Build.0 = Debug|Any CPU
		{695EDA21-AE36-414B-9F5F-EE06CECC1ED0}.Release|Any CPU.ActiveCfg = Release|Any CPU
		{695EDA21-AE36-414B-9F5F-EE06CECC1ED0}.Release|Any CPU.Build.0 = Release|Any CPU
		{2C1A506E-FDA2-4BF1-9CE7-FBEF0E14F2B5}.Debug|Any CPU.ActiveCfg = Debug|Any CPU
		{2C1A506E-FDA2-4BF1-9CE7-FBEF0E14F2B5}.Debug|Any CPU.Build.0 = Debug|Any CPU
		{2C1A506E-FDA2-4BF1-9CE7-FBEF0E14F2B5}.Release|Any CPU.ActiveCfg = Release|Any CPU
		{2C1A506E-FDA2-4BF1-9CE7-FBEF0E14F2B5}.Release|Any CPU.Build.0 = Release|Any CPU
	EndGlobalSection
	GlobalSection(SolutionProperties) = preSolution
		HideSolutionNode = FALSE
	EndGlobalSection
EndGlobal
