
Microsoft Visual Studio Solution File, Format Version 12.00
# Visual Studio 2013
VisualStudioVersion = 12.0.31101.0
MinimumVisualStudioVersion = 10.0.40219.1
Project("{2150E333-8FDC-42A3-9474-1A3956D46DE8}") = "Solution Items", "Solution Items", "{F36D8EB6-8F40-400B-BBA0-98299D6F97B1}"
	ProjectSection(SolutionItems) = preProject
		.editorconfig = .editorconfig
		.gitattributes = .gitattributes
		.gitignore = .gitignore
		NUnit.proj = NUnit.proj
		README.md = README.md
	EndProjectSection
EndProject
Project("{930C7802-8A8C-48F9-8165-68863BCCD9DD}") = "nunit-framework", "install\framework\nunit-framework.wixproj", "{20132190-582E-462E-B18B-4B2CEDDDB6C4}"
EndProject
Project("{930C7802-8A8C-48F9-8165-68863BCCD9DD}") = "nunit", "install\master\nunit.wixproj", "{809C00DC-3FD3-45BF-BC0E-E284F314D306}"
EndProject
Project("{930C7802-8A8C-48F9-8165-68863BCCD9DD}") = "nunit-runners", "install\runners\nunit-runners.wixproj", "{0E7186B7-0CE3-4EA3-8C53-7A8F95E33A75}"
EndProject
Global
	GlobalSection(SolutionConfigurationPlatforms) = preSolution
		Debug|x86 = Debug|x86
		Release|x86 = Release|x86
	EndGlobalSection
	GlobalSection(ProjectConfigurationPlatforms) = postSolution
		{20132190-582E-462E-B18B-4B2CEDDDB6C4}.Debug|x86.ActiveCfg = Debug|x86
		{20132190-582E-462E-B18B-4B2CEDDDB6C4}.Debug|x86.Build.0 = Debug|x86
		{20132190-582E-462E-B18B-4B2CEDDDB6C4}.Release|x86.ActiveCfg = Release|x86
		{20132190-582E-462E-B18B-4B2CEDDDB6C4}.Release|x86.Build.0 = Release|x86
		{809C00DC-3FD3-45BF-BC0E-E284F314D306}.Debug|x86.ActiveCfg = Debug|x86
		{809C00DC-3FD3-45BF-BC0E-E284F314D306}.Debug|x86.Build.0 = Debug|x86
		{809C00DC-3FD3-45BF-BC0E-E284F314D306}.Release|x86.ActiveCfg = Release|x86
		{809C00DC-3FD3-45BF-BC0E-E284F314D306}.Release|x86.Build.0 = Release|x86
		{0E7186B7-0CE3-4EA3-8C53-7A8F95E33A75}.Debug|x86.ActiveCfg = Debug|x86
		{0E7186B7-0CE3-4EA3-8C53-7A8F95E33A75}.Debug|x86.Build.0 = Debug|x86
		{0E7186B7-0CE3-4EA3-8C53-7A8F95E33A75}.Release|x86.ActiveCfg = Release|x86
		{0E7186B7-0CE3-4EA3-8C53-7A8F95E33A75}.Release|x86.Build.0 = Release|x86
	EndGlobalSection
	GlobalSection(SolutionProperties) = preSolution
		HideSolutionNode = FALSE
	EndGlobalSection
EndGlobal
