
Microsoft Visual Studio Solution File, Format Version 10.00
# Visual Studio 2008
Project("{FAE04EC0-301F-11D3-BF4B-00C04F79EFBC}") = "nunit.framework-netcf-3.5", "src\NUnitFramework\framework\nunit.framework-netcf-3.5.csproj", "{B41DB8FB-0D2F-45CE-9345-AF469FC05EE8}"
EndProject
Project("{FAE04EC0-301F-11D3-BF4B-00C04F79EFBC}") = "nunit.testdata-netcf-3.5", "src\NUnitFramework\testdata\nunit.testdata-netcf-3.5.csproj", "{0B7C0B55-6A49-4F32-993E-C9ED6DA0B73C}"
EndProject
Project("{FAE04EC0-301F-11D3-BF4B-00C04F79EFBC}") = "nunit.framework.tests-netcf-3.5", "src\NUnitFramework\tests\nunit.framework.tests-netcf-3.5.csproj", "{80A9EC94-2C42-44AC-9D2C-E1418D712C48}"
EndProject
Project("{FAE04EC0-301F-11D3-BF4B-00C04F79EFBC}") = "mock-assembly-netcf-3.5", "src\NUnitFramework\mock-assembly\mock-assembly-netcf-3.5.csproj", "{D40A4728-2F9B-41D7-AAD9-7AD95D0032C3}"
EndProject
Project("{FAE04EC0-301F-11D3-BF4B-00C04F79EFBC}") = "slow-nunit-tests-netcf-3.5", "src\NUnitFramework\slow-tests\slow-nunit-tests-netcf-3.5.csproj", "{48C7F514-CA22-4405-9804-AE1703B8BC3F}"
EndProject
Project("{FAE04EC0-301F-11D3-BF4B-00C04F79EFBC}") = "nunitlite.tests-netcf-3.5", "src\NUnitFramework\nunitlite.tests\nunitlite.tests-netcf-3.5.csproj", "{C99C43D5-7706-4072-9CC0-9CF52412440E}"
EndProject
Project("{FAE04EC0-301F-11D3-BF4B-00C04F79EFBC}") = "nunitlite-netcf-3.5", "src\NUnitFramework\nunitlite\nunitlite-netcf-3.5.csproj", "{FCB4F998-02D6-4D7F-A188-E0FB1F12F151}"
EndProject
Project("{FAE04EC0-301F-11D3-BF4B-00C04F79EFBC}") = "nunitlite-runner-netcf-3.5", "src\NUnitFramework\nunitlite-runner\nunitlite-runner-netcf-3.5.csproj", "{D8D5220D-E155-4A60-AB63-0DEC87A54C87}"
EndProject
Global
	GlobalSection(SolutionConfigurationPlatforms) = preSolution
		Debug|Any CPU = Debug|Any CPU
		Release|Any CPU = Release|Any CPU
	EndGlobalSection
	GlobalSection(ProjectConfigurationPlatforms) = postSolution
		{B41DB8FB-0D2F-45CE-9345-AF469FC05EE8}.Debug|Any CPU.ActiveCfg = Debug|Any CPU
		{B41DB8FB-0D2F-45CE-9345-AF469FC05EE8}.Debug|Any CPU.Build.0 = Debug|Any CPU
		{B41DB8FB-0D2F-45CE-9345-AF469FC05EE8}.Release|Any CPU.ActiveCfg = Release|Any CPU
		{B41DB8FB-0D2F-45CE-9345-AF469FC05EE8}.Release|Any CPU.Build.0 = Release|Any CPU
		{0B7C0B55-6A49-4F32-993E-C9ED6DA0B73C}.Debug|Any CPU.ActiveCfg = Debug|Any CPU
		{0B7C0B55-6A49-4F32-993E-C9ED6DA0B73C}.Debug|Any CPU.Build.0 = Debug|Any CPU
		{0B7C0B55-6A49-4F32-993E-C9ED6DA0B73C}.Release|Any CPU.ActiveCfg = Release|Any CPU
		{0B7C0B55-6A49-4F32-993E-C9ED6DA0B73C}.Release|Any CPU.Build.0 = Release|Any CPU
		{80A9EC94-2C42-44AC-9D2C-E1418D712C48}.Debug|Any CPU.ActiveCfg = Debug|Any CPU
		{80A9EC94-2C42-44AC-9D2C-E1418D712C48}.Debug|Any CPU.Build.0 = Debug|Any CPU
		{80A9EC94-2C42-44AC-9D2C-E1418D712C48}.Debug|Any CPU.Deploy.0 = Debug|Any CPU
		{80A9EC94-2C42-44AC-9D2C-E1418D712C48}.Release|Any CPU.ActiveCfg = Release|Any CPU
		{80A9EC94-2C42-44AC-9D2C-E1418D712C48}.Release|Any CPU.Build.0 = Release|Any CPU
		{80A9EC94-2C42-44AC-9D2C-E1418D712C48}.Release|Any CPU.Deploy.0 = Release|Any CPU
		{D40A4728-2F9B-41D7-AAD9-7AD95D0032C3}.Debug|Any CPU.ActiveCfg = Debug|Any CPU
		{D40A4728-2F9B-41D7-AAD9-7AD95D0032C3}.Debug|Any CPU.Build.0 = Debug|Any CPU
		{D40A4728-2F9B-41D7-AAD9-7AD95D0032C3}.Release|Any CPU.ActiveCfg = Release|Any CPU
		{D40A4728-2F9B-41D7-AAD9-7AD95D0032C3}.Release|Any CPU.Build.0 = Release|Any CPU
		{48C7F514-CA22-4405-9804-AE1703B8BC3F}.Debug|Any CPU.ActiveCfg = Debug|Any CPU
		{48C7F514-CA22-4405-9804-AE1703B8BC3F}.Debug|Any CPU.Build.0 = Debug|Any CPU
		{48C7F514-CA22-4405-9804-AE1703B8BC3F}.Release|Any CPU.ActiveCfg = Release|Any CPU
		{48C7F514-CA22-4405-9804-AE1703B8BC3F}.Release|Any CPU.Build.0 = Release|Any CPU
		{C99C43D5-7706-4072-9CC0-9CF52412440E}.Debug|Any CPU.ActiveCfg = Debug|Any CPU
		{C99C43D5-7706-4072-9CC0-9CF52412440E}.Debug|Any CPU.Build.0 = Debug|Any CPU
		{C99C43D5-7706-4072-9CC0-9CF52412440E}.Debug|Any CPU.Deploy.0 = Debug|Any CPU
		{C99C43D5-7706-4072-9CC0-9CF52412440E}.Release|Any CPU.ActiveCfg = Release|Any CPU
		{C99C43D5-7706-4072-9CC0-9CF52412440E}.Release|Any CPU.Build.0 = Release|Any CPU
		{FCB4F998-02D6-4D7F-A188-E0FB1F12F151}.Debug|Any CPU.ActiveCfg = Debug|Any CPU
		{FCB4F998-02D6-4D7F-A188-E0FB1F12F151}.Debug|Any CPU.Build.0 = Debug|Any CPU
		{FCB4F998-02D6-4D7F-A188-E0FB1F12F151}.Release|Any CPU.ActiveCfg = Release|Any CPU
		{FCB4F998-02D6-4D7F-A188-E0FB1F12F151}.Release|Any CPU.Build.0 = Release|Any CPU
		{D8D5220D-E155-4A60-AB63-0DEC87A54C87}.Debug|Any CPU.ActiveCfg = Debug|Any CPU
		{D8D5220D-E155-4A60-AB63-0DEC87A54C87}.Debug|Any CPU.Build.0 = Debug|Any CPU
		{D8D5220D-E155-4A60-AB63-0DEC87A54C87}.Debug|Any CPU.Deploy.0 = Debug|Any CPU
		{D8D5220D-E155-4A60-AB63-0DEC87A54C87}.Release|Any CPU.ActiveCfg = Release|Any CPU
		{D8D5220D-E155-4A60-AB63-0DEC87A54C87}.Release|Any CPU.Build.0 = Release|Any CPU
	EndGlobalSection
	GlobalSection(SolutionProperties) = preSolution
		HideSolutionNode = FALSE
	EndGlobalSection
EndGlobal
