
Microsoft Visual Studio Solution File, Format Version 11.00
# Visual Studio 2010
Project("{FAE04EC0-301F-11D3-BF4B-00C04F79EFBC}") = "nunit.engine.api", "NUnitEngine\src\nunit.engine.api\nunit.engine.api.csproj", "{775FAD50-3623-4922-97C4-DFB29A8BE4C7}"
EndProject
Project("{FAE04EC0-301F-11D3-BF4B-00C04F79EFBC}") = "nunit.engine", "NUnitEngine\src\nunit.engine\nunit.engine.csproj", "{372A3447-D657-40FF-A089-77C19FEC30C8}"
EndProject
Project("{FAE04EC0-301F-11D3-BF4B-00C04F79EFBC}") = "nunit.engine.tests", "NUnitEngine\src\nunit.engine.tests\nunit.engine.tests.csproj", "{D694CB69-6CFB-4762-86C2-EB27B808B282}"
EndProject
Project("{FAE04EC0-301F-11D3-BF4B-00C04F79EFBC}") = "nunit-agent", "NUnitEngine\src\nunit-agent\nunit-agent.csproj", "{C2A8FC7A-FA64-46EA-AF6D-73D6B371DBF8}"
EndProject
Project("{FAE04EC0-301F-11D3-BF4B-00C04F79EFBC}") = "nunit-console", "NUnitConsole\src\nunit-console\nunit-console.csproj", "{0DE218CA-AFB8-423A-9CD2-E22DEAC55C46}"
EndProject
Project("{FAE04EC0-301F-11D3-BF4B-00C04F79EFBC}") = "nunit-console.tests", "NUnitConsole\src\nunit-console.tests\nunit-console.tests.csproj", "{B310A760-8AE1-41CA-81F8-03B12E2FCE30}"
EndProject
Project("{2150E333-8FDC-42A3-9474-1A3956D46DE8}") = "Solution Items", "Solution Items", "{448695F8-EB57-4547-A3F8-88AE03A8D1C3}"
	ProjectSection(SolutionItems) = preProject
		NUnitTests.nunit = NUnitTests.nunit
	EndProjectSection
EndProject
Project("{2150E333-8FDC-42A3-9474-1A3956D46DE8}") = "NET-2.0", "NET-2.0", "{2A5B1A72-BBBC-46C9-A4C2-7720607AB23F}"
EndProject
Project("{2150E333-8FDC-42A3-9474-1A3956D46DE8}") = "NET-3.5", "NET-3.5", "{F1AAFB6B-5952-4CC6-8F27-15A3EA72F2B7}"
EndProject
Project("{2150E333-8FDC-42A3-9474-1A3956D46DE8}") = "NET-4.0", "NET-4.0", "{EEE75E4B-4E9A-4EB0-AA6A-9EEC99CFEBD9}"
EndProject
Project("{FAE04EC0-301F-11D3-BF4B-00C04F79EFBC}") = "nunit.framework-2.0", "NUnitFramework\src\framework\nunit.framework-2.0.csproj", "{12B66B03-90F1-4992-BD33-BDF3C69AE49E}"
EndProject
Project("{FAE04EC0-301F-11D3-BF4B-00C04F79EFBC}") = "nunit.framework.tests-2.0", "NUnitFramework\src\tests\nunit.framework.tests-2.0.csproj", "{EA9871E3-9972-4476-821E-3961C28125E8}"
EndProject
Project("{FAE04EC0-301F-11D3-BF4B-00C04F79EFBC}") = "nunit.framework-3.5", "NUnitFramework\src\framework\nunit.framework-3.5.csproj", "{EE7E1D47-C686-496A-81F2-B05F085BC21F}"
EndProject
Project("{FAE04EC0-301F-11D3-BF4B-00C04F79EFBC}") = "nunit.testdata-3.5", "NUnitFramework\src\testdata\nunit.testdata-3.5.csproj", "{A59532C1-4C4F-48D8-9792-3BBAC9E39252}"
EndProject
Project("{FAE04EC0-301F-11D3-BF4B-00C04F79EFBC}") = "nunit.framework-4.0", "NUnitFramework\src\framework\nunit.framework-4.0.csproj", "{6A281C98-B74D-403B-8536-966871B992E3}"
EndProject
Project("{FAE04EC0-301F-11D3-BF4B-00C04F79EFBC}") = "nunit.testdata-4.0", "NUnitFramework\src\testdata\nunit.testdata-4.0.csproj", "{A35E6AD6-6D46-41E1-8DB1-A41086793893}"
EndProject
Project("{FAE04EC0-301F-11D3-BF4B-00C04F79EFBC}") = "nunit.framework.tests-4.0", "NUnitFramework\src\tests\nunit.framework.tests-4.0.csproj", "{08D0F53A-CD37-4060-B5A2-BCC202F0DE46}"
EndProject
Project("{FAE04EC0-301F-11D3-BF4B-00C04F79EFBC}") = "nunit.framework.tests-3.5", "NUnitFramework\src\tests\nunit.framework.tests-3.5.csproj", "{A5CD398A-4F17-4973-A05F-540C05E04E96}"
EndProject
Project("{FAE04EC0-301F-11D3-BF4B-00C04F79EFBC}") = "nunit.testdata-2.0", "NUnitFramework\src\testdata\nunit.testdata-2.0.csproj", "{15B64946-4989-4873-915C-3E181772FA03}"
EndProject
Project("{FAE04EC0-301F-11D3-BF4B-00C04F79EFBC}") = "direct-runner-2.0", "NUnitFramework\src\direct-runner\direct-runner-2.0.csproj", "{126DBBB4-1731-4E0D-8937-4F2FAADCA0EF}"
EndProject
Project("{FAE04EC0-301F-11D3-BF4B-00C04F79EFBC}") = "direct-runner-3.5", "NUnitFramework\src\direct-runner\direct-runner-3.5.csproj", "{C5038911-F8C3-4B55-8B07-2F52C969176D}"
EndProject
Project("{FAE04EC0-301F-11D3-BF4B-00C04F79EFBC}") = "direct-runner-4.0", "NUnitFramework\src\direct-runner\direct-runner-4.0.csproj", "{D69735DE-4846-4239-B552-A423A8E8CE71}"
EndProject
Global
	GlobalSection(SolutionConfigurationPlatforms) = preSolution
		Debug|Any CPU = Debug|Any CPU
		Release|Any CPU = Release|Any CPU
	EndGlobalSection
	GlobalSection(ProjectConfigurationPlatforms) = postSolution
		{775FAD50-3623-4922-97C4-DFB29A8BE4C7}.Debug|Any CPU.ActiveCfg = Debug|Any CPU
		{775FAD50-3623-4922-97C4-DFB29A8BE4C7}.Debug|Any CPU.Build.0 = Debug|Any CPU
		{775FAD50-3623-4922-97C4-DFB29A8BE4C7}.Release|Any CPU.ActiveCfg = Release|Any CPU
		{775FAD50-3623-4922-97C4-DFB29A8BE4C7}.Release|Any CPU.Build.0 = Release|Any CPU
		{372A3447-D657-40FF-A089-77C19FEC30C8}.Debug|Any CPU.ActiveCfg = Debug|Any CPU
		{372A3447-D657-40FF-A089-77C19FEC30C8}.Debug|Any CPU.Build.0 = Debug|Any CPU
		{372A3447-D657-40FF-A089-77C19FEC30C8}.Release|Any CPU.ActiveCfg = Release|Any CPU
		{372A3447-D657-40FF-A089-77C19FEC30C8}.Release|Any CPU.Build.0 = Release|Any CPU
		{D694CB69-6CFB-4762-86C2-EB27B808B282}.Debug|Any CPU.ActiveCfg = Debug|Any CPU
		{D694CB69-6CFB-4762-86C2-EB27B808B282}.Debug|Any CPU.Build.0 = Debug|Any CPU
		{D694CB69-6CFB-4762-86C2-EB27B808B282}.Release|Any CPU.ActiveCfg = Release|Any CPU
		{D694CB69-6CFB-4762-86C2-EB27B808B282}.Release|Any CPU.Build.0 = Release|Any CPU
		{C2A8FC7A-FA64-46EA-AF6D-73D6B371DBF8}.Debug|Any CPU.ActiveCfg = Debug|Any CPU
		{C2A8FC7A-FA64-46EA-AF6D-73D6B371DBF8}.Debug|Any CPU.Build.0 = Debug|Any CPU
		{C2A8FC7A-FA64-46EA-AF6D-73D6B371DBF8}.Release|Any CPU.ActiveCfg = Release|Any CPU
		{C2A8FC7A-FA64-46EA-AF6D-73D6B371DBF8}.Release|Any CPU.Build.0 = Release|Any CPU
		{0DE218CA-AFB8-423A-9CD2-E22DEAC55C46}.Debug|Any CPU.ActiveCfg = Debug|Any CPU
		{0DE218CA-AFB8-423A-9CD2-E22DEAC55C46}.Debug|Any CPU.Build.0 = Debug|Any CPU
		{0DE218CA-AFB8-423A-9CD2-E22DEAC55C46}.Release|Any CPU.ActiveCfg = Release|Any CPU
		{0DE218CA-AFB8-423A-9CD2-E22DEAC55C46}.Release|Any CPU.Build.0 = Release|Any CPU
		{B310A760-8AE1-41CA-81F8-03B12E2FCE30}.Debug|Any CPU.ActiveCfg = Debug|Any CPU
		{B310A760-8AE1-41CA-81F8-03B12E2FCE30}.Debug|Any CPU.Build.0 = Debug|Any CPU
		{B310A760-8AE1-41CA-81F8-03B12E2FCE30}.Release|Any CPU.ActiveCfg = Release|Any CPU
		{B310A760-8AE1-41CA-81F8-03B12E2FCE30}.Release|Any CPU.Build.0 = Release|Any CPU
		{12B66B03-90F1-4992-BD33-BDF3C69AE49E}.Debug|Any CPU.ActiveCfg = Debug|Any CPU
		{12B66B03-90F1-4992-BD33-BDF3C69AE49E}.Debug|Any CPU.Build.0 = Debug|Any CPU
		{12B66B03-90F1-4992-BD33-BDF3C69AE49E}.Release|Any CPU.ActiveCfg = Release|Any CPU
		{12B66B03-90F1-4992-BD33-BDF3C69AE49E}.Release|Any CPU.Build.0 = Release|Any CPU
		{EA9871E3-9972-4476-821E-3961C28125E8}.Debug|Any CPU.ActiveCfg = Debug|Any CPU
		{EA9871E3-9972-4476-821E-3961C28125E8}.Debug|Any CPU.Build.0 = Debug|Any CPU
		{EA9871E3-9972-4476-821E-3961C28125E8}.Release|Any CPU.ActiveCfg = Release|Any CPU
		{EA9871E3-9972-4476-821E-3961C28125E8}.Release|Any CPU.Build.0 = Release|Any CPU
		{EE7E1D47-C686-496A-81F2-B05F085BC21F}.Debug|Any CPU.ActiveCfg = Debug|Any CPU
		{EE7E1D47-C686-496A-81F2-B05F085BC21F}.Debug|Any CPU.Build.0 = Debug|Any CPU
		{EE7E1D47-C686-496A-81F2-B05F085BC21F}.Release|Any CPU.ActiveCfg = Release|Any CPU
		{EE7E1D47-C686-496A-81F2-B05F085BC21F}.Release|Any CPU.Build.0 = Release|Any CPU
		{A59532C1-4C4F-48D8-9792-3BBAC9E39252}.Debug|Any CPU.ActiveCfg = Debug|Any CPU
		{A59532C1-4C4F-48D8-9792-3BBAC9E39252}.Debug|Any CPU.Build.0 = Debug|Any CPU
		{A59532C1-4C4F-48D8-9792-3BBAC9E39252}.Release|Any CPU.ActiveCfg = Release|Any CPU
		{A59532C1-4C4F-48D8-9792-3BBAC9E39252}.Release|Any CPU.Build.0 = Release|Any CPU
		{6A281C98-B74D-403B-8536-966871B992E3}.Debug|Any CPU.ActiveCfg = Debug|Any CPU
		{6A281C98-B74D-403B-8536-966871B992E3}.Debug|Any CPU.Build.0 = Debug|Any CPU
		{6A281C98-B74D-403B-8536-966871B992E3}.Release|Any CPU.ActiveCfg = Release|Any CPU
		{6A281C98-B74D-403B-8536-966871B992E3}.Release|Any CPU.Build.0 = Release|Any CPU
		{A35E6AD6-6D46-41E1-8DB1-A41086793893}.Debug|Any CPU.ActiveCfg = Debug|Any CPU
		{A35E6AD6-6D46-41E1-8DB1-A41086793893}.Debug|Any CPU.Build.0 = Debug|Any CPU
		{A35E6AD6-6D46-41E1-8DB1-A41086793893}.Release|Any CPU.ActiveCfg = Release|Any CPU
		{A35E6AD6-6D46-41E1-8DB1-A41086793893}.Release|Any CPU.Build.0 = Release|Any CPU
		{08D0F53A-CD37-4060-B5A2-BCC202F0DE46}.Debug|Any CPU.ActiveCfg = Debug|Any CPU
		{08D0F53A-CD37-4060-B5A2-BCC202F0DE46}.Debug|Any CPU.Build.0 = Debug|Any CPU
		{08D0F53A-CD37-4060-B5A2-BCC202F0DE46}.Release|Any CPU.ActiveCfg = Release|Any CPU
		{08D0F53A-CD37-4060-B5A2-BCC202F0DE46}.Release|Any CPU.Build.0 = Release|Any CPU
		{A5CD398A-4F17-4973-A05F-540C05E04E96}.Debug|Any CPU.ActiveCfg = Debug|Any CPU
		{A5CD398A-4F17-4973-A05F-540C05E04E96}.Debug|Any CPU.Build.0 = Debug|Any CPU
		{A5CD398A-4F17-4973-A05F-540C05E04E96}.Release|Any CPU.ActiveCfg = Release|Any CPU
		{A5CD398A-4F17-4973-A05F-540C05E04E96}.Release|Any CPU.Build.0 = Release|Any CPU
		{15B64946-4989-4873-915C-3E181772FA03}.Debug|Any CPU.ActiveCfg = Debug|Any CPU
		{15B64946-4989-4873-915C-3E181772FA03}.Debug|Any CPU.Build.0 = Debug|Any CPU
		{15B64946-4989-4873-915C-3E181772FA03}.Release|Any CPU.ActiveCfg = Release|Any CPU
		{15B64946-4989-4873-915C-3E181772FA03}.Release|Any CPU.Build.0 = Release|Any CPU
		{126DBBB4-1731-4E0D-8937-4F2FAADCA0EF}.Debug|Any CPU.ActiveCfg = Debug|Any CPU
		{126DBBB4-1731-4E0D-8937-4F2FAADCA0EF}.Debug|Any CPU.Build.0 = Debug|Any CPU
		{126DBBB4-1731-4E0D-8937-4F2FAADCA0EF}.Release|Any CPU.ActiveCfg = Release|Any CPU
		{126DBBB4-1731-4E0D-8937-4F2FAADCA0EF}.Release|Any CPU.Build.0 = Release|Any CPU
		{C5038911-F8C3-4B55-8B07-2F52C969176D}.Debug|Any CPU.ActiveCfg = Debug|Any CPU
		{C5038911-F8C3-4B55-8B07-2F52C969176D}.Debug|Any CPU.Build.0 = Debug|Any CPU
		{C5038911-F8C3-4B55-8B07-2F52C969176D}.Release|Any CPU.ActiveCfg = Release|Any CPU
		{C5038911-F8C3-4B55-8B07-2F52C969176D}.Release|Any CPU.Build.0 = Release|Any CPU
		{D69735DE-4846-4239-B552-A423A8E8CE71}.Debug|Any CPU.ActiveCfg = Debug|Any CPU
		{D69735DE-4846-4239-B552-A423A8E8CE71}.Debug|Any CPU.Build.0 = Debug|Any CPU
		{D69735DE-4846-4239-B552-A423A8E8CE71}.Release|Any CPU.ActiveCfg = Release|Any CPU
		{D69735DE-4846-4239-B552-A423A8E8CE71}.Release|Any CPU.Build.0 = Release|Any CPU
	EndGlobalSection
	GlobalSection(SolutionProperties) = preSolution
		HideSolutionNode = FALSE
	EndGlobalSection
	GlobalSection(NestedProjects) = preSolution
		{12B66B03-90F1-4992-BD33-BDF3C69AE49E} = {2A5B1A72-BBBC-46C9-A4C2-7720607AB23F}
		{EA9871E3-9972-4476-821E-3961C28125E8} = {2A5B1A72-BBBC-46C9-A4C2-7720607AB23F}
		{15B64946-4989-4873-915C-3E181772FA03} = {2A5B1A72-BBBC-46C9-A4C2-7720607AB23F}
		{126DBBB4-1731-4E0D-8937-4F2FAADCA0EF} = {2A5B1A72-BBBC-46C9-A4C2-7720607AB23F}
		{EE7E1D47-C686-496A-81F2-B05F085BC21F} = {F1AAFB6B-5952-4CC6-8F27-15A3EA72F2B7}
		{A59532C1-4C4F-48D8-9792-3BBAC9E39252} = {F1AAFB6B-5952-4CC6-8F27-15A3EA72F2B7}
		{A5CD398A-4F17-4973-A05F-540C05E04E96} = {F1AAFB6B-5952-4CC6-8F27-15A3EA72F2B7}
		{C5038911-F8C3-4B55-8B07-2F52C969176D} = {F1AAFB6B-5952-4CC6-8F27-15A3EA72F2B7}
		{6A281C98-B74D-403B-8536-966871B992E3} = {EEE75E4B-4E9A-4EB0-AA6A-9EEC99CFEBD9}
		{A35E6AD6-6D46-41E1-8DB1-A41086793893} = {EEE75E4B-4E9A-4EB0-AA6A-9EEC99CFEBD9}
		{08D0F53A-CD37-4060-B5A2-BCC202F0DE46} = {EEE75E4B-4E9A-4EB0-AA6A-9EEC99CFEBD9}
		{D69735DE-4846-4239-B552-A423A8E8CE71} = {EEE75E4B-4E9A-4EB0-AA6A-9EEC99CFEBD9}
	EndGlobalSection
	GlobalSection(MonoDevelopProperties) = preSolution
		StartupItem = NUnitConsole\src\nunit-console\nunit-console-vs2010.csproj
	EndGlobalSection
EndGlobal
