
Microsoft Visual Studio Solution File, Format Version 12.00
# Visual Studio 2012
Project("{2150E333-8FDC-42A3-9474-1A3956D46DE8}") = "NUnitFramework", "NUnitFramework", "{5D8A9D62-C11C-45B2-8965-43DE8160B558}"
EndProject
Project("{2150E333-8FDC-42A3-9474-1A3956D46DE8}") = "Solution Items", "Solution Items", "{49D441DF-39FD-4F4D-AECA-86CF8EFE23AF}"
	ProjectSection(SolutionItems) = preProject
		BUILDING.txt = BUILDING.txt
		LICENSE.txt = LICENSE.txt
		NOTICES.txt = NOTICES.txt
	EndProjectSection
EndProject
Project("{2150E333-8FDC-42A3-9474-1A3956D46DE8}") = "NUnitEngine", "NUnitEngine", "{31B45C4C-206F-4F31-9CC6-33BF11DFEE39}"
EndProject
Project("{2150E333-8FDC-42A3-9474-1A3956D46DE8}") = "NUnitConsole", "NUnitConsole", "{576DB1E6-C5EC-4FEF-A826-EC19D8BEE572}"
EndProject
Project("{2150E333-8FDC-42A3-9474-1A3956D46DE8}") = "NET-2.0", "NET-2.0", "{64FE69B2-CE0B-4A47-83A3-9DE803851447}"
EndProject
Project("{FAE04EC0-301F-11D3-BF4B-00C04F79EFBC}") = "nunit.framework-2.0", "src\NUnitFramework\framework\nunit.framework-2.0.csproj", "{12B66B03-90F1-4992-BD33-BDF3C69AE49E}"
EndProject
Project("{FAE04EC0-301F-11D3-BF4B-00C04F79EFBC}") = "nunitlite-2.0", "src\NUnitFramework\framework\nunitlite-2.0.csproj", "{0BFA7F0A-BC15-40A5-863A-FA9B55AE2FD3}"
EndProject
Project("{FAE04EC0-301F-11D3-BF4B-00C04F79EFBC}") = "mock-nunit-assembly-2.0", "src\NUnitFramework\mock-assembly\mock-nunit-assembly-2.0.csproj", "{2E368281-3BA8-4050-B05E-0E0E43F8F446}"
EndProject
Project("{FAE04EC0-301F-11D3-BF4B-00C04F79EFBC}") = "mock-nunitlite-assembly-2.0", "src\NUnitFramework\mock-assembly\mock-nunitlite-assembly-2.0.csproj", "{7BE679EF-3853-4E06-B4EB-C4C6808BC3F0}"
EndProject
Project("{FAE04EC0-301F-11D3-BF4B-00C04F79EFBC}") = "nunit.testdata-2.0", "src\NUnitFramework\testdata\nunit.testdata-2.0.csproj", "{15B64946-4989-4873-915C-3E181772FA03}"
EndProject
Project("{FAE04EC0-301F-11D3-BF4B-00C04F79EFBC}") = "nunitlite.testdata-2.0", "src\NUnitFramework\testdata\nunitlite.testdata-2.0.csproj", "{442DAB16-3063-4FE3-90B6-C29C3D85360D}"
EndProject
Project("{FAE04EC0-301F-11D3-BF4B-00C04F79EFBC}") = "slow-nunitlite-tests-2.0", "src\NUnitFramework\slow-tests\slow-nunitlite-tests-2.0.csproj", "{1BFDD2CD-5F57-4B23-928D-A4C1892C6D82}"
EndProject
Project("{FAE04EC0-301F-11D3-BF4B-00C04F79EFBC}") = "slow-nunit-tests-2.0", "src\NUnitFramework\slow-tests\slow-nunit-tests-2.0.csproj", "{B0791F6D-5D14-40DD-A2CB-5D2A97892693}"
EndProject
Project("{FAE04EC0-301F-11D3-BF4B-00C04F79EFBC}") = "test-harness-2.0", "src\NUnitFramework\harness\test-harness-2.0.csproj", "{126DBBB4-1731-4E0D-8937-4F2FAADCA0EF}"
EndProject
Project("{FAE04EC0-301F-11D3-BF4B-00C04F79EFBC}") = "nunit.framework.tests-2.0", "src\NUnitFramework\tests\nunit.framework.tests-2.0.csproj", "{EA9871E3-9972-4476-821E-3961C28125E8}"
EndProject
Project("{FAE04EC0-301F-11D3-BF4B-00C04F79EFBC}") = "nunitlite.tests-2.0", "src\NUnitFramework\tests\nunitlite.tests-2.0.csproj", "{0B5B1B19-D9D1-4E9C-80EE-37D4F56282C1}"
EndProject
Project("{FAE04EC0-301F-11D3-BF4B-00C04F79EFBC}") = "nunit.engine.api", "src\NUnitEngine\nunit.engine.api\nunit.engine.api.csproj", "{775FAD50-3623-4922-97C4-DFB29A8BE4C7}"
EndProject
Project("{FAE04EC0-301F-11D3-BF4B-00C04F79EFBC}") = "nunit.engine", "src\NUnitEngine\nunit.engine\nunit.engine.csproj", "{372A3447-D657-40FF-A089-77C19FEC30C8}"
EndProject
Project("{FAE04EC0-301F-11D3-BF4B-00C04F79EFBC}") = "nunit.engine.tests", "src\NUnitEngine\nunit.engine.tests\nunit.engine.tests.csproj", "{D694CB69-6CFB-4762-86C2-EB27B808B282}"
EndProject
Project("{FAE04EC0-301F-11D3-BF4B-00C04F79EFBC}") = "nunit-agent", "src\NUnitEngine\nunit-agent\nunit-agent.csproj", "{C2A8FC7A-FA64-46EA-AF6D-73D6B371DBF8}"
EndProject
Project("{FAE04EC0-301F-11D3-BF4B-00C04F79EFBC}") = "nunit-console", "src\NUnitConsole\nunit-console\nunit-console.csproj", "{0DE218CA-AFB8-423A-9CD2-E22DEAC55C46}"
EndProject
Project("{FAE04EC0-301F-11D3-BF4B-00C04F79EFBC}") = "nunit-console.tests", "src\NUnitConsole\nunit-console.tests\nunit-console.tests.csproj", "{B310A760-8AE1-41CA-81F8-03B12E2FCE30}"
EndProject
Project("{2150E333-8FDC-42A3-9474-1A3956D46DE8}") = "NET-3.5", "NET-3.5", "{FC222F6D-D86B-4ACD-85CC-31A3D8BCF967}"
EndProject
Project("{2150E333-8FDC-42A3-9474-1A3956D46DE8}") = "NET-4.0", "NET-4.0", "{83154E24-B0DD-48E7-8BB5-55CF3D7B0FE3}"
EndProject
Project("{2150E333-8FDC-42A3-9474-1A3956D46DE8}") = "NET-4.5", "NET-4.5", "{7B573D52-181D-482F-A61C-82E543B3E958}"
EndProject
Project("{FAE04EC0-301F-11D3-BF4B-00C04F79EFBC}") = "nunit.framework-3.5", "src\NUnitFramework\framework\nunit.framework-3.5.csproj", "{EE7E1D47-C686-496A-81F2-B05F085BC21F}"
EndProject
Project("{FAE04EC0-301F-11D3-BF4B-00C04F79EFBC}") = "nunitlite-3.5", "src\NUnitFramework\framework\nunitlite-3.5.csproj", "{8C09BB92-C5F6-496C-BEE7-BB16677823D6}"
EndProject
Project("{FAE04EC0-301F-11D3-BF4B-00C04F79EFBC}") = "mock-nunit-assembly-3.5", "src\NUnitFramework\mock-assembly\mock-nunit-assembly-3.5.csproj", "{7C36E4B4-16A7-450B-9919-BA35825F46B6}"
EndProject
Project("{FAE04EC0-301F-11D3-BF4B-00C04F79EFBC}") = "mock-nunitlite-assembly-3.5", "src\NUnitFramework\mock-assembly\mock-nunitlite-assembly-3.5.csproj", "{54140EA6-EB39-49FF-BA63-997EBD41EA8F}"
EndProject
Project("{FAE04EC0-301F-11D3-BF4B-00C04F79EFBC}") = "slow-nunitlite-tests-3.5", "src\NUnitFramework\slow-tests\slow-nunitlite-tests-3.5.csproj", "{A21A64F1-0785-4E3A-AA99-DC7118076FE7}"
EndProject
Project("{FAE04EC0-301F-11D3-BF4B-00C04F79EFBC}") = "slow-nunit-tests-3.5", "src\NUnitFramework\slow-tests\slow-nunit-tests-3.5.csproj", "{CF37B690-0DF8-4E61-A716-49640191907C}"
EndProject
Project("{FAE04EC0-301F-11D3-BF4B-00C04F79EFBC}") = "nunit.testdata-3.5", "src\NUnitFramework\testdata\nunit.testdata-3.5.csproj", "{A59532C1-4C4F-48D8-9792-3BBAC9E39252}"
EndProject
Project("{FAE04EC0-301F-11D3-BF4B-00C04F79EFBC}") = "nunitlite.testdata-3.5", "src\NUnitFramework\testdata\nunitlite.testdata-3.5.csproj", "{749FF626-F36B-45C1-8A80-AB21A3655292}"
EndProject
Project("{FAE04EC0-301F-11D3-BF4B-00C04F79EFBC}") = "nunit.framework.tests-3.5", "src\NUnitFramework\tests\nunit.framework.tests-3.5.csproj", "{A5CD398A-4F17-4973-A05F-540C05E04E96}"
EndProject
Project("{FAE04EC0-301F-11D3-BF4B-00C04F79EFBC}") = "nunitlite.tests-3.5", "src\NUnitFramework\tests\nunitlite.tests-3.5.csproj", "{A18A4BB4-2188-464C-9FC0-53C3941789FB}"
EndProject
Project("{FAE04EC0-301F-11D3-BF4B-00C04F79EFBC}") = "test-harness-3.5", "src\NUnitFramework\harness\test-harness-3.5.csproj", "{C5038911-F8C3-4B55-8B07-2F52C969176D}"
EndProject
Project("{FAE04EC0-301F-11D3-BF4B-00C04F79EFBC}") = "nunit.framework-4.0", "src\NUnitFramework\framework\nunit.framework-4.0.csproj", "{6A281C98-B74D-403B-8536-966871B992E3}"
EndProject
Project("{FAE04EC0-301F-11D3-BF4B-00C04F79EFBC}") = "nunitlite-4.0", "src\NUnitFramework\framework\nunitlite-4.0.csproj", "{73A8B041-E719-443D-BF32-7944F117996C}"
EndProject
Project("{FAE04EC0-301F-11D3-BF4B-00C04F79EFBC}") = "mock-nunit-assembly-4.0", "src\NUnitFramework\mock-assembly\mock-nunit-assembly-4.0.csproj", "{DDCE1AE3-AA0D-4E2D-AD1B-8CA322AFA7DD}"
EndProject
Project("{FAE04EC0-301F-11D3-BF4B-00C04F79EFBC}") = "mock-nunitlite-assembly-4.0", "src\NUnitFramework\mock-assembly\mock-nunitlite-assembly-4.0.csproj", "{2B797154-2349-4E0A-A3FD-08E620152B9A}"
EndProject
Project("{FAE04EC0-301F-11D3-BF4B-00C04F79EFBC}") = "slow-nunitlite-tests-4.0", "src\NUnitFramework\slow-tests\slow-nunitlite-tests-4.0.csproj", "{4819BAD7-D890-421F-8066-635540363341}"
EndProject
Project("{FAE04EC0-301F-11D3-BF4B-00C04F79EFBC}") = "slow-nunit-tests-4.0", "src\NUnitFramework\slow-tests\slow-nunit-tests-4.0.csproj", "{1D38AEC8-F5C0-4B1C-A0AE-18F4015A2E78}"
EndProject
Project("{FAE04EC0-301F-11D3-BF4B-00C04F79EFBC}") = "nunit.testdata-4.0", "src\NUnitFramework\testdata\nunit.testdata-4.0.csproj", "{A35E6AD6-6D46-41E1-8DB1-A41086793893}"
EndProject
Project("{FAE04EC0-301F-11D3-BF4B-00C04F79EFBC}") = "nunitlite.testdata-4.0", "src\NUnitFramework\testdata\nunitlite.testdata-4.0.csproj", "{34EE6390-F2BB-44F0-BF1E-9CE553DB6672}"
EndProject
Project("{FAE04EC0-301F-11D3-BF4B-00C04F79EFBC}") = "nunit.framework.tests-4.0", "src\NUnitFramework\tests\nunit.framework.tests-4.0.csproj", "{08D0F53A-CD37-4060-B5A2-BCC202F0DE46}"
EndProject
Project("{FAE04EC0-301F-11D3-BF4B-00C04F79EFBC}") = "nunitlite.tests-4.0", "src\NUnitFramework\tests\nunitlite.tests-4.0.csproj", "{0ED3994A-C301-4C59-AE36-C62976DC28CC}"
EndProject
Project("{FAE04EC0-301F-11D3-BF4B-00C04F79EFBC}") = "test-harness-4.0", "src\NUnitFramework\harness\test-harness-4.0.csproj", "{D69735DE-4846-4239-B552-A423A8E8CE71}"
EndProject
Project("{FAE04EC0-301F-11D3-BF4B-00C04F79EFBC}") = "nunit.framework-4.5", "src\NUnitFramework\framework\nunit.framework-4.5.csproj", "{D209C368-1277-4EA6-A887-AA6EBA51AB99}"
EndProject
Project("{FAE04EC0-301F-11D3-BF4B-00C04F79EFBC}") = "nunitlite-4.5", "src\NUnitFramework\framework\nunitlite-4.5.csproj", "{22857A11-108D-48C6-9A23-2217D2F2C365}"
EndProject
Project("{FAE04EC0-301F-11D3-BF4B-00C04F79EFBC}") = "mock-nunit-assembly-4.5", "src\NUnitFramework\mock-assembly\mock-nunit-assembly-4.5.csproj", "{C3264FF3-E2D7-48D7-93A7-CDC9A827AD9D}"
EndProject
Project("{FAE04EC0-301F-11D3-BF4B-00C04F79EFBC}") = "mock-nunitlite-assembly-4.5", "src\NUnitFramework\mock-assembly\mock-nunitlite-assembly-4.5.csproj", "{8BD8DAEC-1FBC-4916-BD71-27C31C0E11E4}"
EndProject
Project("{FAE04EC0-301F-11D3-BF4B-00C04F79EFBC}") = "slow-nunitlite-tests-4.5", "src\NUnitFramework\slow-tests\slow-nunitlite-tests-4.5.csproj", "{A1EC7838-6B9C-4FC6-A711-80FE8AAE01D8}"
EndProject
Project("{FAE04EC0-301F-11D3-BF4B-00C04F79EFBC}") = "slow-nunit-tests-4.5", "src\NUnitFramework\slow-tests\slow-nunit-tests-4.5.csproj", "{705FBD41-77A9-4FE7-A6C1-85026F2DDA09}"
EndProject
Project("{FAE04EC0-301F-11D3-BF4B-00C04F79EFBC}") = "nunit.testdata-4.5", "src\NUnitFramework\testdata\nunit.testdata-4.5.csproj", "{E7541163-D7BB-4E9A-A722-D7737B7A2995}"
EndProject
Project("{FAE04EC0-301F-11D3-BF4B-00C04F79EFBC}") = "nunitlite.testdata-4.5", "src\NUnitFramework\testdata\nunitlite.testdata-4.5.csproj", "{213EED36-B2A9-4C61-9ECD-EA99DA6EC5F4}"
EndProject
Project("{FAE04EC0-301F-11D3-BF4B-00C04F79EFBC}") = "nunit.framework.tests-4.5", "src\NUnitFramework\tests\nunit.framework.tests-4.5.csproj", "{5B8B0EAB-3E74-48BB-8231-26E73B2019DC}"
EndProject
Project("{FAE04EC0-301F-11D3-BF4B-00C04F79EFBC}") = "nunitlite.tests-4.5", "src\NUnitFramework\tests\nunitlite.tests-4.5.csproj", "{49FF585D-0D65-4BC2-AC46-C716C54F6CBF}"
EndProject
Project("{FAE04EC0-301F-11D3-BF4B-00C04F79EFBC}") = "test-harness-4.5", "src\NUnitFramework\harness\test-harness-4.5.csproj", "{0AB71103-EE12-4B1C-999D-7B66C26863C8}"
EndProject
Project("{2150E333-8FDC-42A3-9474-1A3956D46DE8}") = "SL-5.0", "SL-5.0", "{A21BFC37-44FC-41A0-B6E7-6F949F45A635}"
EndProject
Project("{FAE04EC0-301F-11D3-BF4B-00C04F79EFBC}") = "nunitlite-sl-5.0", "src\NUnitFramework\framework\nunitlite-sl-5.0.csproj", "{3DEB15F9-E7DA-403F-B6D3-A8499310397F}"
EndProject
Project("{FAE04EC0-301F-11D3-BF4B-00C04F79EFBC}") = "nunitlite.testdata-sl-5.0", "src\NUnitFramework\testdata\nunitlite.testdata-sl-5.0.csproj", "{A76794DA-29A4-4D63-9850-E0E363A2FAFD}"
EndProject
Project("{FAE04EC0-301F-11D3-BF4B-00C04F79EFBC}") = "nunitlite.tests-sl-5.0", "src\NUnitFramework\tests\nunitlite.tests-sl-5.0.csproj", "{A4F0C741-6ED4-46C8-AE75-57E1C7197E22}"
EndProject
Global
	GlobalSection(SolutionConfigurationPlatforms) = preSolution
		Debug|Any CPU = Debug|Any CPU
		Release|Any CPU = Release|Any CPU
	EndGlobalSection
	GlobalSection(ProjectConfigurationPlatforms) = postSolution
		{12B66B03-90F1-4992-BD33-BDF3C69AE49E}.Debug|Any CPU.ActiveCfg = Debug|Any CPU
		{12B66B03-90F1-4992-BD33-BDF3C69AE49E}.Debug|Any CPU.Build.0 = Debug|Any CPU
		{12B66B03-90F1-4992-BD33-BDF3C69AE49E}.Release|Any CPU.ActiveCfg = Release|Any CPU
		{12B66B03-90F1-4992-BD33-BDF3C69AE49E}.Release|Any CPU.Build.0 = Release|Any CPU
		{0BFA7F0A-BC15-40A5-863A-FA9B55AE2FD3}.Debug|Any CPU.ActiveCfg = Debug|Any CPU
		{0BFA7F0A-BC15-40A5-863A-FA9B55AE2FD3}.Debug|Any CPU.Build.0 = Debug|Any CPU
		{0BFA7F0A-BC15-40A5-863A-FA9B55AE2FD3}.Release|Any CPU.ActiveCfg = Release|Any CPU
		{0BFA7F0A-BC15-40A5-863A-FA9B55AE2FD3}.Release|Any CPU.Build.0 = Release|Any CPU
		{2E368281-3BA8-4050-B05E-0E0E43F8F446}.Debug|Any CPU.ActiveCfg = Debug|Any CPU
		{2E368281-3BA8-4050-B05E-0E0E43F8F446}.Debug|Any CPU.Build.0 = Debug|Any CPU
		{2E368281-3BA8-4050-B05E-0E0E43F8F446}.Release|Any CPU.ActiveCfg = Release|Any CPU
		{2E368281-3BA8-4050-B05E-0E0E43F8F446}.Release|Any CPU.Build.0 = Release|Any CPU
		{7BE679EF-3853-4E06-B4EB-C4C6808BC3F0}.Debug|Any CPU.ActiveCfg = Debug|Any CPU
		{7BE679EF-3853-4E06-B4EB-C4C6808BC3F0}.Debug|Any CPU.Build.0 = Debug|Any CPU
		{7BE679EF-3853-4E06-B4EB-C4C6808BC3F0}.Release|Any CPU.ActiveCfg = Release|Any CPU
		{7BE679EF-3853-4E06-B4EB-C4C6808BC3F0}.Release|Any CPU.Build.0 = Release|Any CPU
		{15B64946-4989-4873-915C-3E181772FA03}.Debug|Any CPU.ActiveCfg = Debug|Any CPU
		{15B64946-4989-4873-915C-3E181772FA03}.Debug|Any CPU.Build.0 = Debug|Any CPU
		{15B64946-4989-4873-915C-3E181772FA03}.Release|Any CPU.ActiveCfg = Release|Any CPU
		{15B64946-4989-4873-915C-3E181772FA03}.Release|Any CPU.Build.0 = Release|Any CPU
		{442DAB16-3063-4FE3-90B6-C29C3D85360D}.Debug|Any CPU.ActiveCfg = Debug|Any CPU
		{442DAB16-3063-4FE3-90B6-C29C3D85360D}.Debug|Any CPU.Build.0 = Debug|Any CPU
		{442DAB16-3063-4FE3-90B6-C29C3D85360D}.Release|Any CPU.ActiveCfg = Release|Any CPU
		{442DAB16-3063-4FE3-90B6-C29C3D85360D}.Release|Any CPU.Build.0 = Release|Any CPU
		{1BFDD2CD-5F57-4B23-928D-A4C1892C6D82}.Debug|Any CPU.ActiveCfg = Debug|Any CPU
		{1BFDD2CD-5F57-4B23-928D-A4C1892C6D82}.Debug|Any CPU.Build.0 = Debug|Any CPU
		{1BFDD2CD-5F57-4B23-928D-A4C1892C6D82}.Release|Any CPU.ActiveCfg = Release|Any CPU
		{1BFDD2CD-5F57-4B23-928D-A4C1892C6D82}.Release|Any CPU.Build.0 = Release|Any CPU
		{B0791F6D-5D14-40DD-A2CB-5D2A97892693}.Debug|Any CPU.ActiveCfg = Debug|Any CPU
		{B0791F6D-5D14-40DD-A2CB-5D2A97892693}.Debug|Any CPU.Build.0 = Debug|Any CPU
		{B0791F6D-5D14-40DD-A2CB-5D2A97892693}.Release|Any CPU.ActiveCfg = Release|Any CPU
		{B0791F6D-5D14-40DD-A2CB-5D2A97892693}.Release|Any CPU.Build.0 = Release|Any CPU
		{126DBBB4-1731-4E0D-8937-4F2FAADCA0EF}.Debug|Any CPU.ActiveCfg = Debug|Any CPU
		{126DBBB4-1731-4E0D-8937-4F2FAADCA0EF}.Debug|Any CPU.Build.0 = Debug|Any CPU
		{126DBBB4-1731-4E0D-8937-4F2FAADCA0EF}.Release|Any CPU.ActiveCfg = Release|Any CPU
		{126DBBB4-1731-4E0D-8937-4F2FAADCA0EF}.Release|Any CPU.Build.0 = Release|Any CPU
		{EA9871E3-9972-4476-821E-3961C28125E8}.Debug|Any CPU.ActiveCfg = Debug|Any CPU
		{EA9871E3-9972-4476-821E-3961C28125E8}.Debug|Any CPU.Build.0 = Debug|Any CPU
		{EA9871E3-9972-4476-821E-3961C28125E8}.Release|Any CPU.ActiveCfg = Release|Any CPU
		{EA9871E3-9972-4476-821E-3961C28125E8}.Release|Any CPU.Build.0 = Release|Any CPU
		{0B5B1B19-D9D1-4E9C-80EE-37D4F56282C1}.Debug|Any CPU.ActiveCfg = Debug|Any CPU
		{0B5B1B19-D9D1-4E9C-80EE-37D4F56282C1}.Debug|Any CPU.Build.0 = Debug|Any CPU
		{0B5B1B19-D9D1-4E9C-80EE-37D4F56282C1}.Release|Any CPU.ActiveCfg = Release|Any CPU
		{0B5B1B19-D9D1-4E9C-80EE-37D4F56282C1}.Release|Any CPU.Build.0 = Release|Any CPU
		{775FAD50-3623-4922-97C4-DFB29A8BE4C7}.Debug|Any CPU.ActiveCfg = Debug|Any CPU
		{775FAD50-3623-4922-97C4-DFB29A8BE4C7}.Debug|Any CPU.Build.0 = Debug|Any CPU
		{775FAD50-3623-4922-97C4-DFB29A8BE4C7}.Release|Any CPU.ActiveCfg = Release|Any CPU
		{775FAD50-3623-4922-97C4-DFB29A8BE4C7}.Release|Any CPU.Build.0 = Release|Any CPU
		{372A3447-D657-40FF-A089-77C19FEC30C8}.Debug|Any CPU.ActiveCfg = Debug|Any CPU
		{372A3447-D657-40FF-A089-77C19FEC30C8}.Debug|Any CPU.Build.0 = Debug|Any CPU
		{372A3447-D657-40FF-A089-77C19FEC30C8}.Release|Any CPU.ActiveCfg = Release|Any CPU
		{372A3447-D657-40FF-A089-77C19FEC30C8}.Release|Any CPU.Build.0 = Release|Any CPU
		{D694CB69-6CFB-4762-86C2-EB27B808B282}.Debug|Any CPU.ActiveCfg = Debug|Any CPU
		{D694CB69-6CFB-4762-86C2-EB27B808B282}.Debug|Any CPU.Build.0 = Debug|Any CPU
		{D694CB69-6CFB-4762-86C2-EB27B808B282}.Release|Any CPU.ActiveCfg = Release|Any CPU
		{D694CB69-6CFB-4762-86C2-EB27B808B282}.Release|Any CPU.Build.0 = Release|Any CPU
		{C2A8FC7A-FA64-46EA-AF6D-73D6B371DBF8}.Debug|Any CPU.ActiveCfg = Debug|Any CPU
		{C2A8FC7A-FA64-46EA-AF6D-73D6B371DBF8}.Debug|Any CPU.Build.0 = Debug|Any CPU
		{C2A8FC7A-FA64-46EA-AF6D-73D6B371DBF8}.Release|Any CPU.ActiveCfg = Release|Any CPU
		{C2A8FC7A-FA64-46EA-AF6D-73D6B371DBF8}.Release|Any CPU.Build.0 = Release|Any CPU
		{0DE218CA-AFB8-423A-9CD2-E22DEAC55C46}.Debug|Any CPU.ActiveCfg = Debug|Any CPU
		{0DE218CA-AFB8-423A-9CD2-E22DEAC55C46}.Debug|Any CPU.Build.0 = Debug|Any CPU
		{0DE218CA-AFB8-423A-9CD2-E22DEAC55C46}.Release|Any CPU.ActiveCfg = Release|Any CPU
		{0DE218CA-AFB8-423A-9CD2-E22DEAC55C46}.Release|Any CPU.Build.0 = Release|Any CPU
		{B310A760-8AE1-41CA-81F8-03B12E2FCE30}.Debug|Any CPU.ActiveCfg = Debug|Any CPU
		{B310A760-8AE1-41CA-81F8-03B12E2FCE30}.Debug|Any CPU.Build.0 = Debug|Any CPU
		{B310A760-8AE1-41CA-81F8-03B12E2FCE30}.Release|Any CPU.ActiveCfg = Release|Any CPU
		{B310A760-8AE1-41CA-81F8-03B12E2FCE30}.Release|Any CPU.Build.0 = Release|Any CPU
		{EE7E1D47-C686-496A-81F2-B05F085BC21F}.Debug|Any CPU.ActiveCfg = Debug|Any CPU
		{EE7E1D47-C686-496A-81F2-B05F085BC21F}.Debug|Any CPU.Build.0 = Debug|Any CPU
		{EE7E1D47-C686-496A-81F2-B05F085BC21F}.Release|Any CPU.ActiveCfg = Release|Any CPU
		{EE7E1D47-C686-496A-81F2-B05F085BC21F}.Release|Any CPU.Build.0 = Release|Any CPU
		{8C09BB92-C5F6-496C-BEE7-BB16677823D6}.Debug|Any CPU.ActiveCfg = Debug|Any CPU
		{8C09BB92-C5F6-496C-BEE7-BB16677823D6}.Debug|Any CPU.Build.0 = Debug|Any CPU
		{8C09BB92-C5F6-496C-BEE7-BB16677823D6}.Release|Any CPU.ActiveCfg = Release|Any CPU
		{8C09BB92-C5F6-496C-BEE7-BB16677823D6}.Release|Any CPU.Build.0 = Release|Any CPU
		{7C36E4B4-16A7-450B-9919-BA35825F46B6}.Debug|Any CPU.ActiveCfg = Debug|Any CPU
		{7C36E4B4-16A7-450B-9919-BA35825F46B6}.Debug|Any CPU.Build.0 = Debug|Any CPU
		{7C36E4B4-16A7-450B-9919-BA35825F46B6}.Release|Any CPU.ActiveCfg = Release|Any CPU
		{7C36E4B4-16A7-450B-9919-BA35825F46B6}.Release|Any CPU.Build.0 = Release|Any CPU
		{54140EA6-EB39-49FF-BA63-997EBD41EA8F}.Debug|Any CPU.ActiveCfg = Debug|Any CPU
		{54140EA6-EB39-49FF-BA63-997EBD41EA8F}.Debug|Any CPU.Build.0 = Debug|Any CPU
		{54140EA6-EB39-49FF-BA63-997EBD41EA8F}.Release|Any CPU.ActiveCfg = Release|Any CPU
		{54140EA6-EB39-49FF-BA63-997EBD41EA8F}.Release|Any CPU.Build.0 = Release|Any CPU
		{A21A64F1-0785-4E3A-AA99-DC7118076FE7}.Debug|Any CPU.ActiveCfg = Debug|Any CPU
		{A21A64F1-0785-4E3A-AA99-DC7118076FE7}.Debug|Any CPU.Build.0 = Debug|Any CPU
		{A21A64F1-0785-4E3A-AA99-DC7118076FE7}.Release|Any CPU.ActiveCfg = Release|Any CPU
		{A21A64F1-0785-4E3A-AA99-DC7118076FE7}.Release|Any CPU.Build.0 = Release|Any CPU
		{CF37B690-0DF8-4E61-A716-49640191907C}.Debug|Any CPU.ActiveCfg = Debug|Any CPU
		{CF37B690-0DF8-4E61-A716-49640191907C}.Debug|Any CPU.Build.0 = Debug|Any CPU
		{CF37B690-0DF8-4E61-A716-49640191907C}.Release|Any CPU.ActiveCfg = Release|Any CPU
		{CF37B690-0DF8-4E61-A716-49640191907C}.Release|Any CPU.Build.0 = Release|Any CPU
		{A59532C1-4C4F-48D8-9792-3BBAC9E39252}.Debug|Any CPU.ActiveCfg = Debug|Any CPU
		{A59532C1-4C4F-48D8-9792-3BBAC9E39252}.Debug|Any CPU.Build.0 = Debug|Any CPU
		{A59532C1-4C4F-48D8-9792-3BBAC9E39252}.Release|Any CPU.ActiveCfg = Release|Any CPU
		{A59532C1-4C4F-48D8-9792-3BBAC9E39252}.Release|Any CPU.Build.0 = Release|Any CPU
		{749FF626-F36B-45C1-8A80-AB21A3655292}.Debug|Any CPU.ActiveCfg = Debug|Any CPU
		{749FF626-F36B-45C1-8A80-AB21A3655292}.Debug|Any CPU.Build.0 = Debug|Any CPU
		{749FF626-F36B-45C1-8A80-AB21A3655292}.Release|Any CPU.ActiveCfg = Release|Any CPU
		{749FF626-F36B-45C1-8A80-AB21A3655292}.Release|Any CPU.Build.0 = Release|Any CPU
		{A5CD398A-4F17-4973-A05F-540C05E04E96}.Debug|Any CPU.ActiveCfg = Debug|Any CPU
		{A5CD398A-4F17-4973-A05F-540C05E04E96}.Debug|Any CPU.Build.0 = Debug|Any CPU
		{A5CD398A-4F17-4973-A05F-540C05E04E96}.Release|Any CPU.ActiveCfg = Release|Any CPU
		{A5CD398A-4F17-4973-A05F-540C05E04E96}.Release|Any CPU.Build.0 = Release|Any CPU
		{A18A4BB4-2188-464C-9FC0-53C3941789FB}.Debug|Any CPU.ActiveCfg = Debug|Any CPU
		{A18A4BB4-2188-464C-9FC0-53C3941789FB}.Debug|Any CPU.Build.0 = Debug|Any CPU
		{A18A4BB4-2188-464C-9FC0-53C3941789FB}.Release|Any CPU.ActiveCfg = Release|Any CPU
		{A18A4BB4-2188-464C-9FC0-53C3941789FB}.Release|Any CPU.Build.0 = Release|Any CPU
		{C5038911-F8C3-4B55-8B07-2F52C969176D}.Debug|Any CPU.ActiveCfg = Debug|Any CPU
		{C5038911-F8C3-4B55-8B07-2F52C969176D}.Debug|Any CPU.Build.0 = Debug|Any CPU
		{C5038911-F8C3-4B55-8B07-2F52C969176D}.Release|Any CPU.ActiveCfg = Release|Any CPU
		{C5038911-F8C3-4B55-8B07-2F52C969176D}.Release|Any CPU.Build.0 = Release|Any CPU
		{6A281C98-B74D-403B-8536-966871B992E3}.Debug|Any CPU.ActiveCfg = Debug|Any CPU
		{6A281C98-B74D-403B-8536-966871B992E3}.Debug|Any CPU.Build.0 = Debug|Any CPU
		{6A281C98-B74D-403B-8536-966871B992E3}.Release|Any CPU.ActiveCfg = Release|Any CPU
		{6A281C98-B74D-403B-8536-966871B992E3}.Release|Any CPU.Build.0 = Release|Any CPU
		{73A8B041-E719-443D-BF32-7944F117996C}.Debug|Any CPU.ActiveCfg = Debug|Any CPU
		{73A8B041-E719-443D-BF32-7944F117996C}.Debug|Any CPU.Build.0 = Debug|Any CPU
		{73A8B041-E719-443D-BF32-7944F117996C}.Release|Any CPU.ActiveCfg = Release|Any CPU
		{73A8B041-E719-443D-BF32-7944F117996C}.Release|Any CPU.Build.0 = Release|Any CPU
		{DDCE1AE3-AA0D-4E2D-AD1B-8CA322AFA7DD}.Debug|Any CPU.ActiveCfg = Debug|Any CPU
		{DDCE1AE3-AA0D-4E2D-AD1B-8CA322AFA7DD}.Debug|Any CPU.Build.0 = Debug|Any CPU
		{DDCE1AE3-AA0D-4E2D-AD1B-8CA322AFA7DD}.Release|Any CPU.ActiveCfg = Release|Any CPU
		{DDCE1AE3-AA0D-4E2D-AD1B-8CA322AFA7DD}.Release|Any CPU.Build.0 = Release|Any CPU
		{2B797154-2349-4E0A-A3FD-08E620152B9A}.Debug|Any CPU.ActiveCfg = Debug|Any CPU
		{2B797154-2349-4E0A-A3FD-08E620152B9A}.Debug|Any CPU.Build.0 = Debug|Any CPU
		{2B797154-2349-4E0A-A3FD-08E620152B9A}.Release|Any CPU.ActiveCfg = Release|Any CPU
		{2B797154-2349-4E0A-A3FD-08E620152B9A}.Release|Any CPU.Build.0 = Release|Any CPU
		{4819BAD7-D890-421F-8066-635540363341}.Debug|Any CPU.ActiveCfg = Debug|Any CPU
		{4819BAD7-D890-421F-8066-635540363341}.Debug|Any CPU.Build.0 = Debug|Any CPU
		{4819BAD7-D890-421F-8066-635540363341}.Release|Any CPU.ActiveCfg = Release|Any CPU
		{4819BAD7-D890-421F-8066-635540363341}.Release|Any CPU.Build.0 = Release|Any CPU
		{1D38AEC8-F5C0-4B1C-A0AE-18F4015A2E78}.Debug|Any CPU.ActiveCfg = Debug|Any CPU
		{1D38AEC8-F5C0-4B1C-A0AE-18F4015A2E78}.Debug|Any CPU.Build.0 = Debug|Any CPU
		{1D38AEC8-F5C0-4B1C-A0AE-18F4015A2E78}.Release|Any CPU.ActiveCfg = Release|Any CPU
		{1D38AEC8-F5C0-4B1C-A0AE-18F4015A2E78}.Release|Any CPU.Build.0 = Release|Any CPU
		{A35E6AD6-6D46-41E1-8DB1-A41086793893}.Debug|Any CPU.ActiveCfg = Debug|Any CPU
		{A35E6AD6-6D46-41E1-8DB1-A41086793893}.Debug|Any CPU.Build.0 = Debug|Any CPU
		{A35E6AD6-6D46-41E1-8DB1-A41086793893}.Release|Any CPU.ActiveCfg = Release|Any CPU
		{A35E6AD6-6D46-41E1-8DB1-A41086793893}.Release|Any CPU.Build.0 = Release|Any CPU
		{34EE6390-F2BB-44F0-BF1E-9CE553DB6672}.Debug|Any CPU.ActiveCfg = Debug|Any CPU
		{34EE6390-F2BB-44F0-BF1E-9CE553DB6672}.Debug|Any CPU.Build.0 = Debug|Any CPU
		{34EE6390-F2BB-44F0-BF1E-9CE553DB6672}.Release|Any CPU.ActiveCfg = Release|Any CPU
		{34EE6390-F2BB-44F0-BF1E-9CE553DB6672}.Release|Any CPU.Build.0 = Release|Any CPU
		{08D0F53A-CD37-4060-B5A2-BCC202F0DE46}.Debug|Any CPU.ActiveCfg = Debug|Any CPU
		{08D0F53A-CD37-4060-B5A2-BCC202F0DE46}.Debug|Any CPU.Build.0 = Debug|Any CPU
		{08D0F53A-CD37-4060-B5A2-BCC202F0DE46}.Release|Any CPU.ActiveCfg = Release|Any CPU
		{08D0F53A-CD37-4060-B5A2-BCC202F0DE46}.Release|Any CPU.Build.0 = Release|Any CPU
		{0ED3994A-C301-4C59-AE36-C62976DC28CC}.Debug|Any CPU.ActiveCfg = Debug|Any CPU
		{0ED3994A-C301-4C59-AE36-C62976DC28CC}.Debug|Any CPU.Build.0 = Debug|Any CPU
		{0ED3994A-C301-4C59-AE36-C62976DC28CC}.Release|Any CPU.ActiveCfg = Release|Any CPU
		{0ED3994A-C301-4C59-AE36-C62976DC28CC}.Release|Any CPU.Build.0 = Release|Any CPU
		{D69735DE-4846-4239-B552-A423A8E8CE71}.Debug|Any CPU.ActiveCfg = Debug|Any CPU
		{D69735DE-4846-4239-B552-A423A8E8CE71}.Debug|Any CPU.Build.0 = Debug|Any CPU
		{D69735DE-4846-4239-B552-A423A8E8CE71}.Release|Any CPU.ActiveCfg = Release|Any CPU
		{D69735DE-4846-4239-B552-A423A8E8CE71}.Release|Any CPU.Build.0 = Release|Any CPU
		{D209C368-1277-4EA6-A887-AA6EBA51AB99}.Debug|Any CPU.ActiveCfg = Debug|Any CPU
		{D209C368-1277-4EA6-A887-AA6EBA51AB99}.Debug|Any CPU.Build.0 = Debug|Any CPU
		{D209C368-1277-4EA6-A887-AA6EBA51AB99}.Release|Any CPU.ActiveCfg = Release|Any CPU
		{D209C368-1277-4EA6-A887-AA6EBA51AB99}.Release|Any CPU.Build.0 = Release|Any CPU
		{22857A11-108D-48C6-9A23-2217D2F2C365}.Debug|Any CPU.ActiveCfg = Debug|Any CPU
		{22857A11-108D-48C6-9A23-2217D2F2C365}.Debug|Any CPU.Build.0 = Debug|Any CPU
		{22857A11-108D-48C6-9A23-2217D2F2C365}.Release|Any CPU.ActiveCfg = Release|Any CPU
		{22857A11-108D-48C6-9A23-2217D2F2C365}.Release|Any CPU.Build.0 = Release|Any CPU
		{C3264FF3-E2D7-48D7-93A7-CDC9A827AD9D}.Debug|Any CPU.ActiveCfg = Debug|Any CPU
		{C3264FF3-E2D7-48D7-93A7-CDC9A827AD9D}.Debug|Any CPU.Build.0 = Debug|Any CPU
		{C3264FF3-E2D7-48D7-93A7-CDC9A827AD9D}.Release|Any CPU.ActiveCfg = Release|Any CPU
		{C3264FF3-E2D7-48D7-93A7-CDC9A827AD9D}.Release|Any CPU.Build.0 = Release|Any CPU
		{8BD8DAEC-1FBC-4916-BD71-27C31C0E11E4}.Debug|Any CPU.ActiveCfg = Debug|Any CPU
		{8BD8DAEC-1FBC-4916-BD71-27C31C0E11E4}.Debug|Any CPU.Build.0 = Debug|Any CPU
		{8BD8DAEC-1FBC-4916-BD71-27C31C0E11E4}.Release|Any CPU.ActiveCfg = Release|Any CPU
		{8BD8DAEC-1FBC-4916-BD71-27C31C0E11E4}.Release|Any CPU.Build.0 = Release|Any CPU
		{A1EC7838-6B9C-4FC6-A711-80FE8AAE01D8}.Debug|Any CPU.ActiveCfg = Debug|Any CPU
		{A1EC7838-6B9C-4FC6-A711-80FE8AAE01D8}.Debug|Any CPU.Build.0 = Debug|Any CPU
		{A1EC7838-6B9C-4FC6-A711-80FE8AAE01D8}.Release|Any CPU.ActiveCfg = Release|Any CPU
		{A1EC7838-6B9C-4FC6-A711-80FE8AAE01D8}.Release|Any CPU.Build.0 = Release|Any CPU
		{705FBD41-77A9-4FE7-A6C1-85026F2DDA09}.Debug|Any CPU.ActiveCfg = Debug|Any CPU
		{705FBD41-77A9-4FE7-A6C1-85026F2DDA09}.Debug|Any CPU.Build.0 = Debug|Any CPU
		{705FBD41-77A9-4FE7-A6C1-85026F2DDA09}.Release|Any CPU.ActiveCfg = Release|Any CPU
		{705FBD41-77A9-4FE7-A6C1-85026F2DDA09}.Release|Any CPU.Build.0 = Release|Any CPU
		{E7541163-D7BB-4E9A-A722-D7737B7A2995}.Debug|Any CPU.ActiveCfg = Debug|Any CPU
		{E7541163-D7BB-4E9A-A722-D7737B7A2995}.Debug|Any CPU.Build.0 = Debug|Any CPU
		{E7541163-D7BB-4E9A-A722-D7737B7A2995}.Release|Any CPU.ActiveCfg = Release|Any CPU
		{E7541163-D7BB-4E9A-A722-D7737B7A2995}.Release|Any CPU.Build.0 = Release|Any CPU
		{213EED36-B2A9-4C61-9ECD-EA99DA6EC5F4}.Debug|Any CPU.ActiveCfg = Debug|Any CPU
		{213EED36-B2A9-4C61-9ECD-EA99DA6EC5F4}.Debug|Any CPU.Build.0 = Debug|Any CPU
		{213EED36-B2A9-4C61-9ECD-EA99DA6EC5F4}.Release|Any CPU.ActiveCfg = Release|Any CPU
		{213EED36-B2A9-4C61-9ECD-EA99DA6EC5F4}.Release|Any CPU.Build.0 = Release|Any CPU
		{5B8B0EAB-3E74-48BB-8231-26E73B2019DC}.Debug|Any CPU.ActiveCfg = Debug|Any CPU
		{5B8B0EAB-3E74-48BB-8231-26E73B2019DC}.Debug|Any CPU.Build.0 = Debug|Any CPU
		{5B8B0EAB-3E74-48BB-8231-26E73B2019DC}.Release|Any CPU.ActiveCfg = Release|Any CPU
		{5B8B0EAB-3E74-48BB-8231-26E73B2019DC}.Release|Any CPU.Build.0 = Release|Any CPU
		{49FF585D-0D65-4BC2-AC46-C716C54F6CBF}.Debug|Any CPU.ActiveCfg = Debug|Any CPU
		{49FF585D-0D65-4BC2-AC46-C716C54F6CBF}.Debug|Any CPU.Build.0 = Debug|Any CPU
		{49FF585D-0D65-4BC2-AC46-C716C54F6CBF}.Release|Any CPU.ActiveCfg = Release|Any CPU
		{49FF585D-0D65-4BC2-AC46-C716C54F6CBF}.Release|Any CPU.Build.0 = Release|Any CPU
		{0AB71103-EE12-4B1C-999D-7B66C26863C8}.Debug|Any CPU.ActiveCfg = Debug|Any CPU
		{0AB71103-EE12-4B1C-999D-7B66C26863C8}.Debug|Any CPU.Build.0 = Debug|Any CPU
		{0AB71103-EE12-4B1C-999D-7B66C26863C8}.Release|Any CPU.ActiveCfg = Release|Any CPU
		{0AB71103-EE12-4B1C-999D-7B66C26863C8}.Release|Any CPU.Build.0 = Release|Any CPU
		{3DEB15F9-E7DA-403F-B6D3-A8499310397F}.Debug|Any CPU.ActiveCfg = Debug|Any CPU
		{3DEB15F9-E7DA-403F-B6D3-A8499310397F}.Debug|Any CPU.Build.0 = Debug|Any CPU
		{3DEB15F9-E7DA-403F-B6D3-A8499310397F}.Release|Any CPU.ActiveCfg = Release|Any CPU
		{3DEB15F9-E7DA-403F-B6D3-A8499310397F}.Release|Any CPU.Build.0 = Release|Any CPU
		{A76794DA-29A4-4D63-9850-E0E363A2FAFD}.Debug|Any CPU.ActiveCfg = Debug|Any CPU
		{A76794DA-29A4-4D63-9850-E0E363A2FAFD}.Debug|Any CPU.Build.0 = Debug|Any CPU
		{A76794DA-29A4-4D63-9850-E0E363A2FAFD}.Release|Any CPU.ActiveCfg = Release|Any CPU
		{A76794DA-29A4-4D63-9850-E0E363A2FAFD}.Release|Any CPU.Build.0 = Release|Any CPU
		{A4F0C741-6ED4-46C8-AE75-57E1C7197E22}.Debug|Any CPU.ActiveCfg = Debug|Any CPU
		{A4F0C741-6ED4-46C8-AE75-57E1C7197E22}.Debug|Any CPU.Build.0 = Debug|Any CPU
		{A4F0C741-6ED4-46C8-AE75-57E1C7197E22}.Release|Any CPU.ActiveCfg = Release|Any CPU
		{A4F0C741-6ED4-46C8-AE75-57E1C7197E22}.Release|Any CPU.Build.0 = Release|Any CPU
	EndGlobalSection
	GlobalSection(SolutionProperties) = preSolution
		HideSolutionNode = FALSE
	EndGlobalSection
	GlobalSection(NestedProjects) = preSolution
		{64FE69B2-CE0B-4A47-83A3-9DE803851447} = {5D8A9D62-C11C-45B2-8965-43DE8160B558}
		{FC222F6D-D86B-4ACD-85CC-31A3D8BCF967} = {5D8A9D62-C11C-45B2-8965-43DE8160B558}
		{83154E24-B0DD-48E7-8BB5-55CF3D7B0FE3} = {5D8A9D62-C11C-45B2-8965-43DE8160B558}
		{7B573D52-181D-482F-A61C-82E543B3E958} = {5D8A9D62-C11C-45B2-8965-43DE8160B558}
		{A21BFC37-44FC-41A0-B6E7-6F949F45A635} = {5D8A9D62-C11C-45B2-8965-43DE8160B558}
		{775FAD50-3623-4922-97C4-DFB29A8BE4C7} = {31B45C4C-206F-4F31-9CC6-33BF11DFEE39}
		{372A3447-D657-40FF-A089-77C19FEC30C8} = {31B45C4C-206F-4F31-9CC6-33BF11DFEE39}
		{D694CB69-6CFB-4762-86C2-EB27B808B282} = {31B45C4C-206F-4F31-9CC6-33BF11DFEE39}
		{C2A8FC7A-FA64-46EA-AF6D-73D6B371DBF8} = {31B45C4C-206F-4F31-9CC6-33BF11DFEE39}
		{0DE218CA-AFB8-423A-9CD2-E22DEAC55C46} = {576DB1E6-C5EC-4FEF-A826-EC19D8BEE572}
		{B310A760-8AE1-41CA-81F8-03B12E2FCE30} = {576DB1E6-C5EC-4FEF-A826-EC19D8BEE572}
		{12B66B03-90F1-4992-BD33-BDF3C69AE49E} = {64FE69B2-CE0B-4A47-83A3-9DE803851447}
		{0BFA7F0A-BC15-40A5-863A-FA9B55AE2FD3} = {64FE69B2-CE0B-4A47-83A3-9DE803851447}
		{2E368281-3BA8-4050-B05E-0E0E43F8F446} = {64FE69B2-CE0B-4A47-83A3-9DE803851447}
		{7BE679EF-3853-4E06-B4EB-C4C6808BC3F0} = {64FE69B2-CE0B-4A47-83A3-9DE803851447}
		{15B64946-4989-4873-915C-3E181772FA03} = {64FE69B2-CE0B-4A47-83A3-9DE803851447}
		{442DAB16-3063-4FE3-90B6-C29C3D85360D} = {64FE69B2-CE0B-4A47-83A3-9DE803851447}
		{1BFDD2CD-5F57-4B23-928D-A4C1892C6D82} = {64FE69B2-CE0B-4A47-83A3-9DE803851447}
		{B0791F6D-5D14-40DD-A2CB-5D2A97892693} = {64FE69B2-CE0B-4A47-83A3-9DE803851447}
		{126DBBB4-1731-4E0D-8937-4F2FAADCA0EF} = {64FE69B2-CE0B-4A47-83A3-9DE803851447}
		{EA9871E3-9972-4476-821E-3961C28125E8} = {64FE69B2-CE0B-4A47-83A3-9DE803851447}
		{0B5B1B19-D9D1-4E9C-80EE-37D4F56282C1} = {64FE69B2-CE0B-4A47-83A3-9DE803851447}
		{EE7E1D47-C686-496A-81F2-B05F085BC21F} = {FC222F6D-D86B-4ACD-85CC-31A3D8BCF967}
		{8C09BB92-C5F6-496C-BEE7-BB16677823D6} = {FC222F6D-D86B-4ACD-85CC-31A3D8BCF967}
		{7C36E4B4-16A7-450B-9919-BA35825F46B6} = {FC222F6D-D86B-4ACD-85CC-31A3D8BCF967}
		{54140EA6-EB39-49FF-BA63-997EBD41EA8F} = {FC222F6D-D86B-4ACD-85CC-31A3D8BCF967}
		{A21A64F1-0785-4E3A-AA99-DC7118076FE7} = {FC222F6D-D86B-4ACD-85CC-31A3D8BCF967}
		{CF37B690-0DF8-4E61-A716-49640191907C} = {FC222F6D-D86B-4ACD-85CC-31A3D8BCF967}
		{A59532C1-4C4F-48D8-9792-3BBAC9E39252} = {FC222F6D-D86B-4ACD-85CC-31A3D8BCF967}
		{749FF626-F36B-45C1-8A80-AB21A3655292} = {FC222F6D-D86B-4ACD-85CC-31A3D8BCF967}
		{A5CD398A-4F17-4973-A05F-540C05E04E96} = {FC222F6D-D86B-4ACD-85CC-31A3D8BCF967}
		{A18A4BB4-2188-464C-9FC0-53C3941789FB} = {FC222F6D-D86B-4ACD-85CC-31A3D8BCF967}
		{C5038911-F8C3-4B55-8B07-2F52C969176D} = {FC222F6D-D86B-4ACD-85CC-31A3D8BCF967}
		{6A281C98-B74D-403B-8536-966871B992E3} = {83154E24-B0DD-48E7-8BB5-55CF3D7B0FE3}
		{73A8B041-E719-443D-BF32-7944F117996C} = {83154E24-B0DD-48E7-8BB5-55CF3D7B0FE3}
		{DDCE1AE3-AA0D-4E2D-AD1B-8CA322AFA7DD} = {83154E24-B0DD-48E7-8BB5-55CF3D7B0FE3}
		{2B797154-2349-4E0A-A3FD-08E620152B9A} = {83154E24-B0DD-48E7-8BB5-55CF3D7B0FE3}
		{4819BAD7-D890-421F-8066-635540363341} = {83154E24-B0DD-48E7-8BB5-55CF3D7B0FE3}
		{1D38AEC8-F5C0-4B1C-A0AE-18F4015A2E78} = {83154E24-B0DD-48E7-8BB5-55CF3D7B0FE3}
		{A35E6AD6-6D46-41E1-8DB1-A41086793893} = {83154E24-B0DD-48E7-8BB5-55CF3D7B0FE3}
		{34EE6390-F2BB-44F0-BF1E-9CE553DB6672} = {83154E24-B0DD-48E7-8BB5-55CF3D7B0FE3}
		{08D0F53A-CD37-4060-B5A2-BCC202F0DE46} = {83154E24-B0DD-48E7-8BB5-55CF3D7B0FE3}
		{0ED3994A-C301-4C59-AE36-C62976DC28CC} = {83154E24-B0DD-48E7-8BB5-55CF3D7B0FE3}
		{D69735DE-4846-4239-B552-A423A8E8CE71} = {83154E24-B0DD-48E7-8BB5-55CF3D7B0FE3}
		{D209C368-1277-4EA6-A887-AA6EBA51AB99} = {7B573D52-181D-482F-A61C-82E543B3E958}
		{22857A11-108D-48C6-9A23-2217D2F2C365} = {7B573D52-181D-482F-A61C-82E543B3E958}
		{C3264FF3-E2D7-48D7-93A7-CDC9A827AD9D} = {7B573D52-181D-482F-A61C-82E543B3E958}
		{8BD8DAEC-1FBC-4916-BD71-27C31C0E11E4} = {7B573D52-181D-482F-A61C-82E543B3E958}
		{A1EC7838-6B9C-4FC6-A711-80FE8AAE01D8} = {7B573D52-181D-482F-A61C-82E543B3E958}
		{705FBD41-77A9-4FE7-A6C1-85026F2DDA09} = {7B573D52-181D-482F-A61C-82E543B3E958}
		{E7541163-D7BB-4E9A-A722-D7737B7A2995} = {7B573D52-181D-482F-A61C-82E543B3E958}
		{213EED36-B2A9-4C61-9ECD-EA99DA6EC5F4} = {7B573D52-181D-482F-A61C-82E543B3E958}
		{5B8B0EAB-3E74-48BB-8231-26E73B2019DC} = {7B573D52-181D-482F-A61C-82E543B3E958}
		{49FF585D-0D65-4BC2-AC46-C716C54F6CBF} = {7B573D52-181D-482F-A61C-82E543B3E958}
		{0AB71103-EE12-4B1C-999D-7B66C26863C8} = {7B573D52-181D-482F-A61C-82E543B3E958}
		{3DEB15F9-E7DA-403F-B6D3-A8499310397F} = {A21BFC37-44FC-41A0-B6E7-6F949F45A635}
		{A76794DA-29A4-4D63-9850-E0E363A2FAFD} = {A21BFC37-44FC-41A0-B6E7-6F949F45A635}
		{A4F0C741-6ED4-46C8-AE75-57E1C7197E22} = {A21BFC37-44FC-41A0-B6E7-6F949F45A635}
	EndGlobalSection
EndGlobal
