
Microsoft Visual Studio Solution File, Format Version 12.00
# Visual Studio 15
VisualStudioVersion = 15.0.26403.7
MinimumVisualStudioVersion = 10.0.40219.1
Project("{2150E333-8FDC-42A3-9474-1A3956D46DE8}") = "NUnitFramework", "NUnitFramework", "{5D8A9D62-C11C-45B2-8965-43DE8160B558}"
EndProject
Project("{2150E333-8FDC-42A3-9474-1A3956D46DE8}") = "NET-2.0", "NET-2.0", "{64FE69B2-CE0B-4A47-83A3-9DE803851447}"
EndProject
Project("{FAE04EC0-301F-11D3-BF4B-00C04F79EFBC}") = "nunit.framework-2.0", "src\NUnitFramework\framework\nunit.framework-2.0.csproj", "{12B66B03-90F1-4992-BD33-BDF3C69AE49E}"
EndProject
Project("{FAE04EC0-301F-11D3-BF4B-00C04F79EFBC}") = "nunit.testdata-2.0", "src\NUnitFramework\testdata\nunit.testdata-2.0.csproj", "{15B64946-4989-4873-915C-3E181772FA03}"
EndProject
Project("{FAE04EC0-301F-11D3-BF4B-00C04F79EFBC}") = "slow-nunit-tests-2.0", "src\NUnitFramework\slow-tests\slow-nunit-tests-2.0.csproj", "{B0791F6D-5D14-40DD-A2CB-5D2A97892693}"
EndProject
Project("{FAE04EC0-301F-11D3-BF4B-00C04F79EFBC}") = "nunit.framework.tests-2.0", "src\NUnitFramework\tests\nunit.framework.tests-2.0.csproj", "{EA9871E3-9972-4476-821E-3961C28125E8}"
EndProject
Project("{FAE04EC0-301F-11D3-BF4B-00C04F79EFBC}") = "nunitlite-2.0", "src\NUnitFramework\nunitlite\nunitlite-2.0.csproj", "{28C7B9D6-BE1F-45E5-952C-0D5C9CA3EFDF}"
EndProject
Project("{FAE04EC0-301F-11D3-BF4B-00C04F79EFBC}") = "nunitlite.tests-2.0", "src\NUnitFramework\nunitlite.tests\nunitlite.tests-2.0.csproj", "{42BC31BF-0A03-43EC-925B-1419DD7F2C7C}"
EndProject
Project("{FAE04EC0-301F-11D3-BF4B-00C04F79EFBC}") = "mock-assembly-2.0", "src\NUnitFramework\mock-assembly\mock-assembly-2.0.csproj", "{2E368281-3BA8-4050-B05E-0E0E43F8F446}"
EndProject
Project("{FAE04EC0-301F-11D3-BF4B-00C04F79EFBC}") = "nunitlite-runner-2.0", "src\NUnitFramework\nunitlite-runner\nunitlite-runner-2.0.csproj", "{3FA7B726-8AF9-4554-B41A-0BD915E4EAB5}"
EndProject
Project("{2150E333-8FDC-42A3-9474-1A3956D46DE8}") = "NET-4.0", "NET-4.0", "{83154E24-B0DD-48E7-8BB5-55CF3D7B0FE3}"
EndProject
Project("{FAE04EC0-301F-11D3-BF4B-00C04F79EFBC}") = "nunit.framework-4.0", "src\NUnitFramework\framework\nunit.framework-4.0.csproj", "{6A281C98-B74D-403B-8536-966871B992E3}"
EndProject
Project("{FAE04EC0-301F-11D3-BF4B-00C04F79EFBC}") = "slow-nunit-tests-4.0", "src\NUnitFramework\slow-tests\slow-nunit-tests-4.0.csproj", "{1D38AEC8-F5C0-4B1C-A0AE-18F4015A2E78}"
EndProject
Project("{FAE04EC0-301F-11D3-BF4B-00C04F79EFBC}") = "nunit.testdata-4.0", "src\NUnitFramework\testdata\nunit.testdata-4.0.csproj", "{A35E6AD6-6D46-41E1-8DB1-A41086793893}"
EndProject
Project("{FAE04EC0-301F-11D3-BF4B-00C04F79EFBC}") = "nunit.framework.tests-4.0", "src\NUnitFramework\tests\nunit.framework.tests-4.0.csproj", "{08D0F53A-CD37-4060-B5A2-BCC202F0DE46}"
EndProject
Project("{FAE04EC0-301F-11D3-BF4B-00C04F79EFBC}") = "nunitlite-4.0", "src\NUnitFramework\nunitlite\nunitlite-4.0.csproj", "{DBD0C8B0-BE4E-4CBF-AAD4-44BEA2EA830B}"
EndProject
Project("{FAE04EC0-301F-11D3-BF4B-00C04F79EFBC}") = "nunitlite.tests-4.0", "src\NUnitFramework\nunitlite.tests\nunitlite.tests-4.0.csproj", "{F0BA2671-5160-4164-B1FC-2883728C42D9}"
EndProject
Project("{FAE04EC0-301F-11D3-BF4B-00C04F79EFBC}") = "mock-assembly-4.0", "src\NUnitFramework\mock-assembly\mock-assembly-4.0.csproj", "{DDCE1AE3-AA0D-4E2D-AD1B-8CA322AFA7DD}"
EndProject
Project("{FAE04EC0-301F-11D3-BF4B-00C04F79EFBC}") = "nunitlite-runner-4.0", "src\NUnitFramework\nunitlite-runner\nunitlite-runner-4.0.csproj", "{C861E6BA-852B-4BC1-ACE7-77C8D6E7898B}"
EndProject
Project("{2150E333-8FDC-42A3-9474-1A3956D46DE8}") = "NET-4.5", "NET-4.5", "{7B573D52-181D-482F-A61C-82E543B3E958}"
EndProject
Project("{FAE04EC0-301F-11D3-BF4B-00C04F79EFBC}") = "nunit.framework-4.5", "src\NUnitFramework\framework\nunit.framework-4.5.csproj", "{D209C368-1277-4EA6-A887-AA6EBA51AB99}"
EndProject
Project("{FAE04EC0-301F-11D3-BF4B-00C04F79EFBC}") = "slow-nunit-tests-4.5", "src\NUnitFramework\slow-tests\slow-nunit-tests-4.5.csproj", "{705FBD41-77A9-4FE7-A6C1-85026F2DDA09}"
EndProject
Project("{FAE04EC0-301F-11D3-BF4B-00C04F79EFBC}") = "nunit.testdata-4.5", "src\NUnitFramework\testdata\nunit.testdata-4.5.csproj", "{E7541163-D7BB-4E9A-A722-D7737B7A2995}"
EndProject
Project("{FAE04EC0-301F-11D3-BF4B-00C04F79EFBC}") = "nunit.framework.tests-4.5", "src\NUnitFramework\tests\nunit.framework.tests-4.5.csproj", "{5B8B0EAB-3E74-48BB-8231-26E73B2019DC}"
EndProject
Project("{FAE04EC0-301F-11D3-BF4B-00C04F79EFBC}") = "nunitlite-4.5", "src\NUnitFramework\nunitlite\nunitlite-4.5.csproj", "{46EC0BC1-8F51-4B4D-B967-2EE452EA68FC}"
EndProject
Project("{FAE04EC0-301F-11D3-BF4B-00C04F79EFBC}") = "nunitlite.tests-4.5", "src\NUnitFramework\nunitlite.tests\nunitlite.tests-4.5.csproj", "{8472DB53-5950-4A70-864C-567A55A6C4A1}"
EndProject
Project("{FAE04EC0-301F-11D3-BF4B-00C04F79EFBC}") = "mock-assembly-4.5", "src\NUnitFramework\mock-assembly\mock-assembly-4.5.csproj", "{C3264FF3-E2D7-48D7-93A7-CDC9A827AD9D}"
EndProject
Project("{FAE04EC0-301F-11D3-BF4B-00C04F79EFBC}") = "nunitlite-runner-4.5", "src\NUnitFramework\nunitlite-runner\nunitlite-runner-4.5.csproj", "{B00DC1F7-764B-4B65-9953-FA557E2EC493}"
EndProject
Project("{2150E333-8FDC-42A3-9474-1A3956D46DE8}") = "Solution Items", "Solution Items", "{49D441DF-39FD-4F4D-AECA-86CF8EFE23AF}"
	ProjectSection(SolutionItems) = preProject
		BUILDING.md = BUILDING.md
		LICENSE.txt = LICENSE.txt
		NOTICES.txt = NOTICES.txt
		README.md = README.md
	EndProjectSection
EndProject
Project("{2150E333-8FDC-42A3-9474-1A3956D46DE8}") = "nuget", "nuget", "{A972031D-2F61-4183-AF75-99EE1A9F6B32}"
	ProjectSection(SolutionItems) = preProject
		nuget\framework\nunit.nuspec = nuget\framework\nunit.nuspec
		nuget\nunitlite\nunitlite.nuspec = nuget\nunitlite\nunitlite.nuspec
	EndProjectSection
EndProject
Project("{2150E333-8FDC-42A3-9474-1A3956D46DE8}") = "NET-3.5", "NET-3.5", "{0DA39A07-D5ED-4031-AA6E-CAA873124ACA}"
EndProject
Project("{FAE04EC0-301F-11D3-BF4B-00C04F79EFBC}") = "nunit.framework-3.5", "src\NUnitFramework\framework\nunit.framework-3.5.csproj", "{7FA125B4-E377-4D4C-AECB-17B934E3A4B3}"
EndProject
Project("{FAE04EC0-301F-11D3-BF4B-00C04F79EFBC}") = "nunitlite-3.5", "src\NUnitFramework\nunitlite\nunitlite-3.5.csproj", "{82F93F6E-5C10-4CC7-BC65-AC0B9CA6D39A}"
EndProject
Project("{FAE04EC0-301F-11D3-BF4B-00C04F79EFBC}") = "mock-assembly-3.5", "src\NUnitFramework\mock-assembly\mock-assembly-3.5.csproj", "{8FCE12F2-FE7B-43D0-94E9-3B71FECAFE64}"
EndProject
Project("{FAE04EC0-301F-11D3-BF4B-00C04F79EFBC}") = "slow-nunit-tests-3.5", "src\NUnitFramework\slow-tests\slow-nunit-tests-3.5.csproj", "{C6156B98-923A-474B-B257-29107476E93C}"
EndProject
Project("{FAE04EC0-301F-11D3-BF4B-00C04F79EFBC}") = "nunitlite-runner-3.5", "src\NUnitFramework\nunitlite-runner\nunitlite-runner-3.5.csproj", "{A7E48768-23B5-4A11-B10A-048FB21A0955}"
EndProject
Project("{FAE04EC0-301F-11D3-BF4B-00C04F79EFBC}") = "nunit.testdata-3.5", "src\NUnitFramework\testdata\nunit.testdata-3.5.csproj", "{520F4C89-51B6-49D6-9ED7-4523048C0154}"
EndProject
Project("{FAE04EC0-301F-11D3-BF4B-00C04F79EFBC}") = "nunitlite.tests-3.5", "src\NUnitFramework\nunitlite.tests\nunitlite.tests-3.5.csproj", "{FD6D4774-71B7-4D7A-BE91-753B12C0BB4E}"
EndProject
Project("{FAE04EC0-301F-11D3-BF4B-00C04F79EFBC}") = "nunit.framework.tests-3.5", "src\NUnitFramework\tests\nunit.framework.tests-3.5.csproj", "{B93FC354-D59D-4650-84E4-7FCA7D51689A}"
EndProject
Global
	GlobalSection(SolutionConfigurationPlatforms) = preSolution
		Debug|Any CPU = Debug|Any CPU
		Debug|Mixed Platforms = Debug|Mixed Platforms
		Debug|Win32 = Debug|Win32
		Debug|x64 = Debug|x64
		Release|Any CPU = Release|Any CPU
		Release|Mixed Platforms = Release|Mixed Platforms
		Release|Win32 = Release|Win32
		Release|x64 = Release|x64
	EndGlobalSection
	GlobalSection(ProjectConfigurationPlatforms) = postSolution
		{12B66B03-90F1-4992-BD33-BDF3C69AE49E}.Debug|Any CPU.ActiveCfg = Debug|Any CPU
		{12B66B03-90F1-4992-BD33-BDF3C69AE49E}.Debug|Any CPU.Build.0 = Debug|Any CPU
		{12B66B03-90F1-4992-BD33-BDF3C69AE49E}.Debug|Mixed Platforms.ActiveCfg = Debug|Any CPU
		{12B66B03-90F1-4992-BD33-BDF3C69AE49E}.Debug|Mixed Platforms.Build.0 = Debug|Any CPU
		{12B66B03-90F1-4992-BD33-BDF3C69AE49E}.Debug|Win32.ActiveCfg = Debug|Any CPU
		{12B66B03-90F1-4992-BD33-BDF3C69AE49E}.Debug|x64.ActiveCfg = Debug|Any CPU
		{12B66B03-90F1-4992-BD33-BDF3C69AE49E}.Release|Any CPU.ActiveCfg = Release|Any CPU
		{12B66B03-90F1-4992-BD33-BDF3C69AE49E}.Release|Any CPU.Build.0 = Release|Any CPU
		{12B66B03-90F1-4992-BD33-BDF3C69AE49E}.Release|Mixed Platforms.ActiveCfg = Release|Any CPU
		{12B66B03-90F1-4992-BD33-BDF3C69AE49E}.Release|Mixed Platforms.Build.0 = Release|Any CPU
		{12B66B03-90F1-4992-BD33-BDF3C69AE49E}.Release|Win32.ActiveCfg = Release|Any CPU
		{12B66B03-90F1-4992-BD33-BDF3C69AE49E}.Release|x64.ActiveCfg = Release|Any CPU
		{15B64946-4989-4873-915C-3E181772FA03}.Debug|Any CPU.ActiveCfg = Debug|Any CPU
		{15B64946-4989-4873-915C-3E181772FA03}.Debug|Any CPU.Build.0 = Debug|Any CPU
		{15B64946-4989-4873-915C-3E181772FA03}.Debug|Mixed Platforms.ActiveCfg = Debug|Any CPU
		{15B64946-4989-4873-915C-3E181772FA03}.Debug|Mixed Platforms.Build.0 = Debug|Any CPU
		{15B64946-4989-4873-915C-3E181772FA03}.Debug|Win32.ActiveCfg = Debug|Any CPU
		{15B64946-4989-4873-915C-3E181772FA03}.Debug|x64.ActiveCfg = Debug|Any CPU
		{15B64946-4989-4873-915C-3E181772FA03}.Release|Any CPU.ActiveCfg = Release|Any CPU
		{15B64946-4989-4873-915C-3E181772FA03}.Release|Any CPU.Build.0 = Release|Any CPU
		{15B64946-4989-4873-915C-3E181772FA03}.Release|Mixed Platforms.ActiveCfg = Release|Any CPU
		{15B64946-4989-4873-915C-3E181772FA03}.Release|Mixed Platforms.Build.0 = Release|Any CPU
		{15B64946-4989-4873-915C-3E181772FA03}.Release|Win32.ActiveCfg = Release|Any CPU
		{15B64946-4989-4873-915C-3E181772FA03}.Release|x64.ActiveCfg = Release|Any CPU
		{B0791F6D-5D14-40DD-A2CB-5D2A97892693}.Debug|Any CPU.ActiveCfg = Debug|Any CPU
		{B0791F6D-5D14-40DD-A2CB-5D2A97892693}.Debug|Any CPU.Build.0 = Debug|Any CPU
		{B0791F6D-5D14-40DD-A2CB-5D2A97892693}.Debug|Mixed Platforms.ActiveCfg = Debug|Any CPU
		{B0791F6D-5D14-40DD-A2CB-5D2A97892693}.Debug|Mixed Platforms.Build.0 = Debug|Any CPU
		{B0791F6D-5D14-40DD-A2CB-5D2A97892693}.Debug|Win32.ActiveCfg = Debug|Any CPU
		{B0791F6D-5D14-40DD-A2CB-5D2A97892693}.Debug|x64.ActiveCfg = Debug|Any CPU
		{B0791F6D-5D14-40DD-A2CB-5D2A97892693}.Release|Any CPU.ActiveCfg = Release|Any CPU
		{B0791F6D-5D14-40DD-A2CB-5D2A97892693}.Release|Any CPU.Build.0 = Release|Any CPU
		{B0791F6D-5D14-40DD-A2CB-5D2A97892693}.Release|Mixed Platforms.ActiveCfg = Release|Any CPU
		{B0791F6D-5D14-40DD-A2CB-5D2A97892693}.Release|Mixed Platforms.Build.0 = Release|Any CPU
		{B0791F6D-5D14-40DD-A2CB-5D2A97892693}.Release|Win32.ActiveCfg = Release|Any CPU
		{B0791F6D-5D14-40DD-A2CB-5D2A97892693}.Release|x64.ActiveCfg = Release|Any CPU
		{EA9871E3-9972-4476-821E-3961C28125E8}.Debug|Any CPU.ActiveCfg = Debug|Any CPU
		{EA9871E3-9972-4476-821E-3961C28125E8}.Debug|Any CPU.Build.0 = Debug|Any CPU
		{EA9871E3-9972-4476-821E-3961C28125E8}.Debug|Mixed Platforms.ActiveCfg = Debug|Any CPU
		{EA9871E3-9972-4476-821E-3961C28125E8}.Debug|Mixed Platforms.Build.0 = Debug|Any CPU
		{EA9871E3-9972-4476-821E-3961C28125E8}.Debug|Win32.ActiveCfg = Debug|Any CPU
		{EA9871E3-9972-4476-821E-3961C28125E8}.Debug|x64.ActiveCfg = Debug|Any CPU
		{EA9871E3-9972-4476-821E-3961C28125E8}.Release|Any CPU.ActiveCfg = Release|Any CPU
		{EA9871E3-9972-4476-821E-3961C28125E8}.Release|Any CPU.Build.0 = Release|Any CPU
		{EA9871E3-9972-4476-821E-3961C28125E8}.Release|Mixed Platforms.ActiveCfg = Release|Any CPU
		{EA9871E3-9972-4476-821E-3961C28125E8}.Release|Mixed Platforms.Build.0 = Release|Any CPU
		{EA9871E3-9972-4476-821E-3961C28125E8}.Release|Win32.ActiveCfg = Release|Any CPU
		{EA9871E3-9972-4476-821E-3961C28125E8}.Release|x64.ActiveCfg = Release|Any CPU
		{28C7B9D6-BE1F-45E5-952C-0D5C9CA3EFDF}.Debug|Any CPU.ActiveCfg = Debug|Any CPU
		{28C7B9D6-BE1F-45E5-952C-0D5C9CA3EFDF}.Debug|Any CPU.Build.0 = Debug|Any CPU
		{28C7B9D6-BE1F-45E5-952C-0D5C9CA3EFDF}.Debug|Mixed Platforms.ActiveCfg = Debug|Any CPU
		{28C7B9D6-BE1F-45E5-952C-0D5C9CA3EFDF}.Debug|Mixed Platforms.Build.0 = Debug|Any CPU
		{28C7B9D6-BE1F-45E5-952C-0D5C9CA3EFDF}.Debug|Win32.ActiveCfg = Debug|Any CPU
		{28C7B9D6-BE1F-45E5-952C-0D5C9CA3EFDF}.Debug|Win32.Build.0 = Debug|Any CPU
		{28C7B9D6-BE1F-45E5-952C-0D5C9CA3EFDF}.Debug|x64.ActiveCfg = Debug|Any CPU
		{28C7B9D6-BE1F-45E5-952C-0D5C9CA3EFDF}.Debug|x64.Build.0 = Debug|Any CPU
		{28C7B9D6-BE1F-45E5-952C-0D5C9CA3EFDF}.Release|Any CPU.ActiveCfg = Release|Any CPU
		{28C7B9D6-BE1F-45E5-952C-0D5C9CA3EFDF}.Release|Any CPU.Build.0 = Release|Any CPU
		{28C7B9D6-BE1F-45E5-952C-0D5C9CA3EFDF}.Release|Mixed Platforms.ActiveCfg = Release|Any CPU
		{28C7B9D6-BE1F-45E5-952C-0D5C9CA3EFDF}.Release|Mixed Platforms.Build.0 = Release|Any CPU
		{28C7B9D6-BE1F-45E5-952C-0D5C9CA3EFDF}.Release|Win32.ActiveCfg = Release|Any CPU
		{28C7B9D6-BE1F-45E5-952C-0D5C9CA3EFDF}.Release|Win32.Build.0 = Release|Any CPU
		{28C7B9D6-BE1F-45E5-952C-0D5C9CA3EFDF}.Release|x64.ActiveCfg = Release|Any CPU
		{28C7B9D6-BE1F-45E5-952C-0D5C9CA3EFDF}.Release|x64.Build.0 = Release|Any CPU
		{42BC31BF-0A03-43EC-925B-1419DD7F2C7C}.Debug|Any CPU.ActiveCfg = Debug|Any CPU
		{42BC31BF-0A03-43EC-925B-1419DD7F2C7C}.Debug|Any CPU.Build.0 = Debug|Any CPU
		{42BC31BF-0A03-43EC-925B-1419DD7F2C7C}.Debug|Mixed Platforms.ActiveCfg = Debug|Any CPU
		{42BC31BF-0A03-43EC-925B-1419DD7F2C7C}.Debug|Mixed Platforms.Build.0 = Debug|Any CPU
		{42BC31BF-0A03-43EC-925B-1419DD7F2C7C}.Debug|Win32.ActiveCfg = Debug|Any CPU
		{42BC31BF-0A03-43EC-925B-1419DD7F2C7C}.Debug|Win32.Build.0 = Debug|Any CPU
		{42BC31BF-0A03-43EC-925B-1419DD7F2C7C}.Debug|x64.ActiveCfg = Debug|Any CPU
		{42BC31BF-0A03-43EC-925B-1419DD7F2C7C}.Debug|x64.Build.0 = Debug|Any CPU
		{42BC31BF-0A03-43EC-925B-1419DD7F2C7C}.Release|Any CPU.ActiveCfg = Release|Any CPU
		{42BC31BF-0A03-43EC-925B-1419DD7F2C7C}.Release|Any CPU.Build.0 = Release|Any CPU
		{42BC31BF-0A03-43EC-925B-1419DD7F2C7C}.Release|Mixed Platforms.ActiveCfg = Release|Any CPU
		{42BC31BF-0A03-43EC-925B-1419DD7F2C7C}.Release|Mixed Platforms.Build.0 = Release|Any CPU
		{42BC31BF-0A03-43EC-925B-1419DD7F2C7C}.Release|Win32.ActiveCfg = Release|Any CPU
		{42BC31BF-0A03-43EC-925B-1419DD7F2C7C}.Release|Win32.Build.0 = Release|Any CPU
		{42BC31BF-0A03-43EC-925B-1419DD7F2C7C}.Release|x64.ActiveCfg = Release|Any CPU
		{42BC31BF-0A03-43EC-925B-1419DD7F2C7C}.Release|x64.Build.0 = Release|Any CPU
		{2E368281-3BA8-4050-B05E-0E0E43F8F446}.Debug|Any CPU.ActiveCfg = Debug|Any CPU
		{2E368281-3BA8-4050-B05E-0E0E43F8F446}.Debug|Any CPU.Build.0 = Debug|Any CPU
		{2E368281-3BA8-4050-B05E-0E0E43F8F446}.Debug|Mixed Platforms.ActiveCfg = Debug|Any CPU
		{2E368281-3BA8-4050-B05E-0E0E43F8F446}.Debug|Mixed Platforms.Build.0 = Debug|Any CPU
		{2E368281-3BA8-4050-B05E-0E0E43F8F446}.Debug|Win32.ActiveCfg = Debug|Any CPU
		{2E368281-3BA8-4050-B05E-0E0E43F8F446}.Debug|Win32.Build.0 = Debug|Any CPU
		{2E368281-3BA8-4050-B05E-0E0E43F8F446}.Debug|x64.ActiveCfg = Debug|Any CPU
		{2E368281-3BA8-4050-B05E-0E0E43F8F446}.Debug|x64.Build.0 = Debug|Any CPU
		{2E368281-3BA8-4050-B05E-0E0E43F8F446}.Release|Any CPU.ActiveCfg = Release|Any CPU
		{2E368281-3BA8-4050-B05E-0E0E43F8F446}.Release|Any CPU.Build.0 = Release|Any CPU
		{2E368281-3BA8-4050-B05E-0E0E43F8F446}.Release|Mixed Platforms.ActiveCfg = Release|Any CPU
		{2E368281-3BA8-4050-B05E-0E0E43F8F446}.Release|Mixed Platforms.Build.0 = Release|Any CPU
		{2E368281-3BA8-4050-B05E-0E0E43F8F446}.Release|Win32.ActiveCfg = Release|Any CPU
		{2E368281-3BA8-4050-B05E-0E0E43F8F446}.Release|Win32.Build.0 = Release|Any CPU
		{2E368281-3BA8-4050-B05E-0E0E43F8F446}.Release|x64.ActiveCfg = Release|Any CPU
		{2E368281-3BA8-4050-B05E-0E0E43F8F446}.Release|x64.Build.0 = Release|Any CPU
		{3FA7B726-8AF9-4554-B41A-0BD915E4EAB5}.Debug|Any CPU.ActiveCfg = Debug|Any CPU
		{3FA7B726-8AF9-4554-B41A-0BD915E4EAB5}.Debug|Any CPU.Build.0 = Debug|Any CPU
		{3FA7B726-8AF9-4554-B41A-0BD915E4EAB5}.Debug|Mixed Platforms.ActiveCfg = Debug|Any CPU
		{3FA7B726-8AF9-4554-B41A-0BD915E4EAB5}.Debug|Mixed Platforms.Build.0 = Debug|Any CPU
		{3FA7B726-8AF9-4554-B41A-0BD915E4EAB5}.Debug|Win32.ActiveCfg = Debug|Any CPU
		{3FA7B726-8AF9-4554-B41A-0BD915E4EAB5}.Debug|Win32.Build.0 = Debug|Any CPU
		{3FA7B726-8AF9-4554-B41A-0BD915E4EAB5}.Debug|x64.ActiveCfg = Debug|Any CPU
		{3FA7B726-8AF9-4554-B41A-0BD915E4EAB5}.Debug|x64.Build.0 = Debug|Any CPU
		{3FA7B726-8AF9-4554-B41A-0BD915E4EAB5}.Release|Any CPU.ActiveCfg = Release|Any CPU
		{3FA7B726-8AF9-4554-B41A-0BD915E4EAB5}.Release|Any CPU.Build.0 = Release|Any CPU
		{3FA7B726-8AF9-4554-B41A-0BD915E4EAB5}.Release|Mixed Platforms.ActiveCfg = Release|Any CPU
		{3FA7B726-8AF9-4554-B41A-0BD915E4EAB5}.Release|Mixed Platforms.Build.0 = Release|Any CPU
		{3FA7B726-8AF9-4554-B41A-0BD915E4EAB5}.Release|Win32.ActiveCfg = Release|Any CPU
		{3FA7B726-8AF9-4554-B41A-0BD915E4EAB5}.Release|Win32.Build.0 = Release|Any CPU
		{3FA7B726-8AF9-4554-B41A-0BD915E4EAB5}.Release|x64.ActiveCfg = Release|Any CPU
		{3FA7B726-8AF9-4554-B41A-0BD915E4EAB5}.Release|x64.Build.0 = Release|Any CPU
		{6A281C98-B74D-403B-8536-966871B992E3}.Debug|Any CPU.ActiveCfg = Debug|Any CPU
		{6A281C98-B74D-403B-8536-966871B992E3}.Debug|Any CPU.Build.0 = Debug|Any CPU
		{6A281C98-B74D-403B-8536-966871B992E3}.Debug|Mixed Platforms.ActiveCfg = Debug|Any CPU
		{6A281C98-B74D-403B-8536-966871B992E3}.Debug|Mixed Platforms.Build.0 = Debug|Any CPU
		{6A281C98-B74D-403B-8536-966871B992E3}.Debug|Win32.ActiveCfg = Debug|Any CPU
		{6A281C98-B74D-403B-8536-966871B992E3}.Debug|x64.ActiveCfg = Debug|Any CPU
		{6A281C98-B74D-403B-8536-966871B992E3}.Release|Any CPU.ActiveCfg = Release|Any CPU
		{6A281C98-B74D-403B-8536-966871B992E3}.Release|Any CPU.Build.0 = Release|Any CPU
		{6A281C98-B74D-403B-8536-966871B992E3}.Release|Mixed Platforms.ActiveCfg = Release|Any CPU
		{6A281C98-B74D-403B-8536-966871B992E3}.Release|Mixed Platforms.Build.0 = Release|Any CPU
		{6A281C98-B74D-403B-8536-966871B992E3}.Release|Win32.ActiveCfg = Release|Any CPU
		{6A281C98-B74D-403B-8536-966871B992E3}.Release|x64.ActiveCfg = Release|Any CPU
		{1D38AEC8-F5C0-4B1C-A0AE-18F4015A2E78}.Debug|Any CPU.ActiveCfg = Debug|Any CPU
		{1D38AEC8-F5C0-4B1C-A0AE-18F4015A2E78}.Debug|Any CPU.Build.0 = Debug|Any CPU
		{1D38AEC8-F5C0-4B1C-A0AE-18F4015A2E78}.Debug|Mixed Platforms.ActiveCfg = Debug|Any CPU
		{1D38AEC8-F5C0-4B1C-A0AE-18F4015A2E78}.Debug|Mixed Platforms.Build.0 = Debug|Any CPU
		{1D38AEC8-F5C0-4B1C-A0AE-18F4015A2E78}.Debug|Win32.ActiveCfg = Debug|Any CPU
		{1D38AEC8-F5C0-4B1C-A0AE-18F4015A2E78}.Debug|x64.ActiveCfg = Debug|Any CPU
		{1D38AEC8-F5C0-4B1C-A0AE-18F4015A2E78}.Release|Any CPU.ActiveCfg = Release|Any CPU
		{1D38AEC8-F5C0-4B1C-A0AE-18F4015A2E78}.Release|Any CPU.Build.0 = Release|Any CPU
		{1D38AEC8-F5C0-4B1C-A0AE-18F4015A2E78}.Release|Mixed Platforms.ActiveCfg = Release|Any CPU
		{1D38AEC8-F5C0-4B1C-A0AE-18F4015A2E78}.Release|Mixed Platforms.Build.0 = Release|Any CPU
		{1D38AEC8-F5C0-4B1C-A0AE-18F4015A2E78}.Release|Win32.ActiveCfg = Release|Any CPU
		{1D38AEC8-F5C0-4B1C-A0AE-18F4015A2E78}.Release|x64.ActiveCfg = Release|Any CPU
		{A35E6AD6-6D46-41E1-8DB1-A41086793893}.Debug|Any CPU.ActiveCfg = Debug|Any CPU
		{A35E6AD6-6D46-41E1-8DB1-A41086793893}.Debug|Any CPU.Build.0 = Debug|Any CPU
		{A35E6AD6-6D46-41E1-8DB1-A41086793893}.Debug|Mixed Platforms.ActiveCfg = Debug|Any CPU
		{A35E6AD6-6D46-41E1-8DB1-A41086793893}.Debug|Mixed Platforms.Build.0 = Debug|Any CPU
		{A35E6AD6-6D46-41E1-8DB1-A41086793893}.Debug|Win32.ActiveCfg = Debug|Any CPU
		{A35E6AD6-6D46-41E1-8DB1-A41086793893}.Debug|x64.ActiveCfg = Debug|Any CPU
		{A35E6AD6-6D46-41E1-8DB1-A41086793893}.Release|Any CPU.ActiveCfg = Release|Any CPU
		{A35E6AD6-6D46-41E1-8DB1-A41086793893}.Release|Any CPU.Build.0 = Release|Any CPU
		{A35E6AD6-6D46-41E1-8DB1-A41086793893}.Release|Mixed Platforms.ActiveCfg = Release|Any CPU
		{A35E6AD6-6D46-41E1-8DB1-A41086793893}.Release|Mixed Platforms.Build.0 = Release|Any CPU
		{A35E6AD6-6D46-41E1-8DB1-A41086793893}.Release|Win32.ActiveCfg = Release|Any CPU
		{A35E6AD6-6D46-41E1-8DB1-A41086793893}.Release|x64.ActiveCfg = Release|Any CPU
		{08D0F53A-CD37-4060-B5A2-BCC202F0DE46}.Debug|Any CPU.ActiveCfg = Debug|Any CPU
		{08D0F53A-CD37-4060-B5A2-BCC202F0DE46}.Debug|Any CPU.Build.0 = Debug|Any CPU
		{08D0F53A-CD37-4060-B5A2-BCC202F0DE46}.Debug|Mixed Platforms.ActiveCfg = Debug|Any CPU
		{08D0F53A-CD37-4060-B5A2-BCC202F0DE46}.Debug|Mixed Platforms.Build.0 = Debug|Any CPU
		{08D0F53A-CD37-4060-B5A2-BCC202F0DE46}.Debug|Win32.ActiveCfg = Debug|Any CPU
		{08D0F53A-CD37-4060-B5A2-BCC202F0DE46}.Debug|x64.ActiveCfg = Debug|Any CPU
		{08D0F53A-CD37-4060-B5A2-BCC202F0DE46}.Release|Any CPU.ActiveCfg = Release|Any CPU
		{08D0F53A-CD37-4060-B5A2-BCC202F0DE46}.Release|Any CPU.Build.0 = Release|Any CPU
		{08D0F53A-CD37-4060-B5A2-BCC202F0DE46}.Release|Mixed Platforms.ActiveCfg = Release|Any CPU
		{08D0F53A-CD37-4060-B5A2-BCC202F0DE46}.Release|Mixed Platforms.Build.0 = Release|Any CPU
		{08D0F53A-CD37-4060-B5A2-BCC202F0DE46}.Release|Win32.ActiveCfg = Release|Any CPU
		{08D0F53A-CD37-4060-B5A2-BCC202F0DE46}.Release|x64.ActiveCfg = Release|Any CPU
		{DBD0C8B0-BE4E-4CBF-AAD4-44BEA2EA830B}.Debug|Any CPU.ActiveCfg = Debug|Any CPU
		{DBD0C8B0-BE4E-4CBF-AAD4-44BEA2EA830B}.Debug|Any CPU.Build.0 = Debug|Any CPU
		{DBD0C8B0-BE4E-4CBF-AAD4-44BEA2EA830B}.Debug|Mixed Platforms.ActiveCfg = Debug|Any CPU
		{DBD0C8B0-BE4E-4CBF-AAD4-44BEA2EA830B}.Debug|Mixed Platforms.Build.0 = Debug|Any CPU
		{DBD0C8B0-BE4E-4CBF-AAD4-44BEA2EA830B}.Debug|Win32.ActiveCfg = Debug|Any CPU
		{DBD0C8B0-BE4E-4CBF-AAD4-44BEA2EA830B}.Debug|Win32.Build.0 = Debug|Any CPU
		{DBD0C8B0-BE4E-4CBF-AAD4-44BEA2EA830B}.Debug|x64.ActiveCfg = Debug|Any CPU
		{DBD0C8B0-BE4E-4CBF-AAD4-44BEA2EA830B}.Debug|x64.Build.0 = Debug|Any CPU
		{DBD0C8B0-BE4E-4CBF-AAD4-44BEA2EA830B}.Release|Any CPU.ActiveCfg = Release|Any CPU
		{DBD0C8B0-BE4E-4CBF-AAD4-44BEA2EA830B}.Release|Any CPU.Build.0 = Release|Any CPU
		{DBD0C8B0-BE4E-4CBF-AAD4-44BEA2EA830B}.Release|Mixed Platforms.ActiveCfg = Release|Any CPU
		{DBD0C8B0-BE4E-4CBF-AAD4-44BEA2EA830B}.Release|Mixed Platforms.Build.0 = Release|Any CPU
		{DBD0C8B0-BE4E-4CBF-AAD4-44BEA2EA830B}.Release|Win32.ActiveCfg = Release|Any CPU
		{DBD0C8B0-BE4E-4CBF-AAD4-44BEA2EA830B}.Release|Win32.Build.0 = Release|Any CPU
		{DBD0C8B0-BE4E-4CBF-AAD4-44BEA2EA830B}.Release|x64.ActiveCfg = Release|Any CPU
		{DBD0C8B0-BE4E-4CBF-AAD4-44BEA2EA830B}.Release|x64.Build.0 = Release|Any CPU
		{F0BA2671-5160-4164-B1FC-2883728C42D9}.Debug|Any CPU.ActiveCfg = Debug|Any CPU
		{F0BA2671-5160-4164-B1FC-2883728C42D9}.Debug|Any CPU.Build.0 = Debug|Any CPU
		{F0BA2671-5160-4164-B1FC-2883728C42D9}.Debug|Mixed Platforms.ActiveCfg = Debug|Any CPU
		{F0BA2671-5160-4164-B1FC-2883728C42D9}.Debug|Mixed Platforms.Build.0 = Debug|Any CPU
		{F0BA2671-5160-4164-B1FC-2883728C42D9}.Debug|Win32.ActiveCfg = Debug|Any CPU
		{F0BA2671-5160-4164-B1FC-2883728C42D9}.Debug|Win32.Build.0 = Debug|Any CPU
		{F0BA2671-5160-4164-B1FC-2883728C42D9}.Debug|x64.ActiveCfg = Debug|Any CPU
		{F0BA2671-5160-4164-B1FC-2883728C42D9}.Debug|x64.Build.0 = Debug|Any CPU
		{F0BA2671-5160-4164-B1FC-2883728C42D9}.Release|Any CPU.ActiveCfg = Release|Any CPU
		{F0BA2671-5160-4164-B1FC-2883728C42D9}.Release|Any CPU.Build.0 = Release|Any CPU
		{F0BA2671-5160-4164-B1FC-2883728C42D9}.Release|Mixed Platforms.ActiveCfg = Release|Any CPU
		{F0BA2671-5160-4164-B1FC-2883728C42D9}.Release|Mixed Platforms.Build.0 = Release|Any CPU
		{F0BA2671-5160-4164-B1FC-2883728C42D9}.Release|Win32.ActiveCfg = Release|Any CPU
		{F0BA2671-5160-4164-B1FC-2883728C42D9}.Release|Win32.Build.0 = Release|Any CPU
		{F0BA2671-5160-4164-B1FC-2883728C42D9}.Release|x64.ActiveCfg = Release|Any CPU
		{F0BA2671-5160-4164-B1FC-2883728C42D9}.Release|x64.Build.0 = Release|Any CPU
		{DDCE1AE3-AA0D-4E2D-AD1B-8CA322AFA7DD}.Debug|Any CPU.ActiveCfg = Debug|Any CPU
		{DDCE1AE3-AA0D-4E2D-AD1B-8CA322AFA7DD}.Debug|Any CPU.Build.0 = Debug|Any CPU
		{DDCE1AE3-AA0D-4E2D-AD1B-8CA322AFA7DD}.Debug|Mixed Platforms.ActiveCfg = Debug|Any CPU
		{DDCE1AE3-AA0D-4E2D-AD1B-8CA322AFA7DD}.Debug|Mixed Platforms.Build.0 = Debug|Any CPU
		{DDCE1AE3-AA0D-4E2D-AD1B-8CA322AFA7DD}.Debug|Win32.ActiveCfg = Debug|Any CPU
		{DDCE1AE3-AA0D-4E2D-AD1B-8CA322AFA7DD}.Debug|Win32.Build.0 = Debug|Any CPU
		{DDCE1AE3-AA0D-4E2D-AD1B-8CA322AFA7DD}.Debug|x64.ActiveCfg = Debug|Any CPU
		{DDCE1AE3-AA0D-4E2D-AD1B-8CA322AFA7DD}.Debug|x64.Build.0 = Debug|Any CPU
		{DDCE1AE3-AA0D-4E2D-AD1B-8CA322AFA7DD}.Release|Any CPU.ActiveCfg = Release|Any CPU
		{DDCE1AE3-AA0D-4E2D-AD1B-8CA322AFA7DD}.Release|Any CPU.Build.0 = Release|Any CPU
		{DDCE1AE3-AA0D-4E2D-AD1B-8CA322AFA7DD}.Release|Mixed Platforms.ActiveCfg = Release|Any CPU
		{DDCE1AE3-AA0D-4E2D-AD1B-8CA322AFA7DD}.Release|Mixed Platforms.Build.0 = Release|Any CPU
		{DDCE1AE3-AA0D-4E2D-AD1B-8CA322AFA7DD}.Release|Win32.ActiveCfg = Release|Any CPU
		{DDCE1AE3-AA0D-4E2D-AD1B-8CA322AFA7DD}.Release|Win32.Build.0 = Release|Any CPU
		{DDCE1AE3-AA0D-4E2D-AD1B-8CA322AFA7DD}.Release|x64.ActiveCfg = Release|Any CPU
		{DDCE1AE3-AA0D-4E2D-AD1B-8CA322AFA7DD}.Release|x64.Build.0 = Release|Any CPU
		{C861E6BA-852B-4BC1-ACE7-77C8D6E7898B}.Debug|Any CPU.ActiveCfg = Debug|Any CPU
		{C861E6BA-852B-4BC1-ACE7-77C8D6E7898B}.Debug|Any CPU.Build.0 = Debug|Any CPU
		{C861E6BA-852B-4BC1-ACE7-77C8D6E7898B}.Debug|Mixed Platforms.ActiveCfg = Debug|Any CPU
		{C861E6BA-852B-4BC1-ACE7-77C8D6E7898B}.Debug|Mixed Platforms.Build.0 = Debug|Any CPU
		{C861E6BA-852B-4BC1-ACE7-77C8D6E7898B}.Debug|Win32.ActiveCfg = Debug|Any CPU
		{C861E6BA-852B-4BC1-ACE7-77C8D6E7898B}.Debug|Win32.Build.0 = Debug|Any CPU
		{C861E6BA-852B-4BC1-ACE7-77C8D6E7898B}.Debug|x64.ActiveCfg = Debug|Any CPU
		{C861E6BA-852B-4BC1-ACE7-77C8D6E7898B}.Debug|x64.Build.0 = Debug|Any CPU
		{C861E6BA-852B-4BC1-ACE7-77C8D6E7898B}.Release|Any CPU.ActiveCfg = Release|Any CPU
		{C861E6BA-852B-4BC1-ACE7-77C8D6E7898B}.Release|Any CPU.Build.0 = Release|Any CPU
		{C861E6BA-852B-4BC1-ACE7-77C8D6E7898B}.Release|Mixed Platforms.ActiveCfg = Release|Any CPU
		{C861E6BA-852B-4BC1-ACE7-77C8D6E7898B}.Release|Mixed Platforms.Build.0 = Release|Any CPU
		{C861E6BA-852B-4BC1-ACE7-77C8D6E7898B}.Release|Win32.ActiveCfg = Release|Any CPU
		{C861E6BA-852B-4BC1-ACE7-77C8D6E7898B}.Release|Win32.Build.0 = Release|Any CPU
		{C861E6BA-852B-4BC1-ACE7-77C8D6E7898B}.Release|x64.ActiveCfg = Release|Any CPU
		{C861E6BA-852B-4BC1-ACE7-77C8D6E7898B}.Release|x64.Build.0 = Release|Any CPU
		{D209C368-1277-4EA6-A887-AA6EBA51AB99}.Debug|Any CPU.ActiveCfg = Debug|Any CPU
		{D209C368-1277-4EA6-A887-AA6EBA51AB99}.Debug|Any CPU.Build.0 = Debug|Any CPU
		{D209C368-1277-4EA6-A887-AA6EBA51AB99}.Debug|Mixed Platforms.ActiveCfg = Debug|Any CPU
		{D209C368-1277-4EA6-A887-AA6EBA51AB99}.Debug|Mixed Platforms.Build.0 = Debug|Any CPU
		{D209C368-1277-4EA6-A887-AA6EBA51AB99}.Debug|Win32.ActiveCfg = Debug|Any CPU
		{D209C368-1277-4EA6-A887-AA6EBA51AB99}.Debug|x64.ActiveCfg = Debug|Any CPU
		{D209C368-1277-4EA6-A887-AA6EBA51AB99}.Release|Any CPU.ActiveCfg = Release|Any CPU
		{D209C368-1277-4EA6-A887-AA6EBA51AB99}.Release|Any CPU.Build.0 = Release|Any CPU
		{D209C368-1277-4EA6-A887-AA6EBA51AB99}.Release|Mixed Platforms.ActiveCfg = Release|Any CPU
		{D209C368-1277-4EA6-A887-AA6EBA51AB99}.Release|Mixed Platforms.Build.0 = Release|Any CPU
		{D209C368-1277-4EA6-A887-AA6EBA51AB99}.Release|Win32.ActiveCfg = Release|Any CPU
		{D209C368-1277-4EA6-A887-AA6EBA51AB99}.Release|x64.ActiveCfg = Release|Any CPU
		{705FBD41-77A9-4FE7-A6C1-85026F2DDA09}.Debug|Any CPU.ActiveCfg = Debug|Any CPU
		{705FBD41-77A9-4FE7-A6C1-85026F2DDA09}.Debug|Any CPU.Build.0 = Debug|Any CPU
		{705FBD41-77A9-4FE7-A6C1-85026F2DDA09}.Debug|Mixed Platforms.ActiveCfg = Debug|Any CPU
		{705FBD41-77A9-4FE7-A6C1-85026F2DDA09}.Debug|Mixed Platforms.Build.0 = Debug|Any CPU
		{705FBD41-77A9-4FE7-A6C1-85026F2DDA09}.Debug|Win32.ActiveCfg = Debug|Any CPU
		{705FBD41-77A9-4FE7-A6C1-85026F2DDA09}.Debug|x64.ActiveCfg = Debug|Any CPU
		{705FBD41-77A9-4FE7-A6C1-85026F2DDA09}.Release|Any CPU.ActiveCfg = Release|Any CPU
		{705FBD41-77A9-4FE7-A6C1-85026F2DDA09}.Release|Any CPU.Build.0 = Release|Any CPU
		{705FBD41-77A9-4FE7-A6C1-85026F2DDA09}.Release|Mixed Platforms.ActiveCfg = Release|Any CPU
		{705FBD41-77A9-4FE7-A6C1-85026F2DDA09}.Release|Mixed Platforms.Build.0 = Release|Any CPU
		{705FBD41-77A9-4FE7-A6C1-85026F2DDA09}.Release|Win32.ActiveCfg = Release|Any CPU
		{705FBD41-77A9-4FE7-A6C1-85026F2DDA09}.Release|x64.ActiveCfg = Release|Any CPU
		{E7541163-D7BB-4E9A-A722-D7737B7A2995}.Debug|Any CPU.ActiveCfg = Debug|Any CPU
		{E7541163-D7BB-4E9A-A722-D7737B7A2995}.Debug|Any CPU.Build.0 = Debug|Any CPU
		{E7541163-D7BB-4E9A-A722-D7737B7A2995}.Debug|Mixed Platforms.ActiveCfg = Debug|Any CPU
		{E7541163-D7BB-4E9A-A722-D7737B7A2995}.Debug|Mixed Platforms.Build.0 = Debug|Any CPU
		{E7541163-D7BB-4E9A-A722-D7737B7A2995}.Debug|Win32.ActiveCfg = Debug|Any CPU
		{E7541163-D7BB-4E9A-A722-D7737B7A2995}.Debug|x64.ActiveCfg = Debug|Any CPU
		{E7541163-D7BB-4E9A-A722-D7737B7A2995}.Release|Any CPU.ActiveCfg = Release|Any CPU
		{E7541163-D7BB-4E9A-A722-D7737B7A2995}.Release|Any CPU.Build.0 = Release|Any CPU
		{E7541163-D7BB-4E9A-A722-D7737B7A2995}.Release|Mixed Platforms.ActiveCfg = Release|Any CPU
		{E7541163-D7BB-4E9A-A722-D7737B7A2995}.Release|Mixed Platforms.Build.0 = Release|Any CPU
		{E7541163-D7BB-4E9A-A722-D7737B7A2995}.Release|Win32.ActiveCfg = Release|Any CPU
		{E7541163-D7BB-4E9A-A722-D7737B7A2995}.Release|x64.ActiveCfg = Release|Any CPU
		{5B8B0EAB-3E74-48BB-8231-26E73B2019DC}.Debug|Any CPU.ActiveCfg = Debug|Any CPU
		{5B8B0EAB-3E74-48BB-8231-26E73B2019DC}.Debug|Any CPU.Build.0 = Debug|Any CPU
		{5B8B0EAB-3E74-48BB-8231-26E73B2019DC}.Debug|Mixed Platforms.ActiveCfg = Debug|Any CPU
		{5B8B0EAB-3E74-48BB-8231-26E73B2019DC}.Debug|Mixed Platforms.Build.0 = Debug|Any CPU
		{5B8B0EAB-3E74-48BB-8231-26E73B2019DC}.Debug|Win32.ActiveCfg = Debug|Any CPU
		{5B8B0EAB-3E74-48BB-8231-26E73B2019DC}.Debug|x64.ActiveCfg = Debug|Any CPU
		{5B8B0EAB-3E74-48BB-8231-26E73B2019DC}.Release|Any CPU.ActiveCfg = Release|Any CPU
		{5B8B0EAB-3E74-48BB-8231-26E73B2019DC}.Release|Any CPU.Build.0 = Release|Any CPU
		{5B8B0EAB-3E74-48BB-8231-26E73B2019DC}.Release|Mixed Platforms.ActiveCfg = Release|Any CPU
		{5B8B0EAB-3E74-48BB-8231-26E73B2019DC}.Release|Mixed Platforms.Build.0 = Release|Any CPU
		{5B8B0EAB-3E74-48BB-8231-26E73B2019DC}.Release|Win32.ActiveCfg = Release|Any CPU
		{5B8B0EAB-3E74-48BB-8231-26E73B2019DC}.Release|x64.ActiveCfg = Release|Any CPU
		{46EC0BC1-8F51-4B4D-B967-2EE452EA68FC}.Debug|Any CPU.ActiveCfg = Debug|Any CPU
		{46EC0BC1-8F51-4B4D-B967-2EE452EA68FC}.Debug|Any CPU.Build.0 = Debug|Any CPU
		{46EC0BC1-8F51-4B4D-B967-2EE452EA68FC}.Debug|Mixed Platforms.ActiveCfg = Debug|Any CPU
		{46EC0BC1-8F51-4B4D-B967-2EE452EA68FC}.Debug|Mixed Platforms.Build.0 = Debug|Any CPU
		{46EC0BC1-8F51-4B4D-B967-2EE452EA68FC}.Debug|Win32.ActiveCfg = Debug|Any CPU
		{46EC0BC1-8F51-4B4D-B967-2EE452EA68FC}.Debug|Win32.Build.0 = Debug|Any CPU
		{46EC0BC1-8F51-4B4D-B967-2EE452EA68FC}.Debug|x64.ActiveCfg = Debug|Any CPU
		{46EC0BC1-8F51-4B4D-B967-2EE452EA68FC}.Debug|x64.Build.0 = Debug|Any CPU
		{46EC0BC1-8F51-4B4D-B967-2EE452EA68FC}.Release|Any CPU.ActiveCfg = Release|Any CPU
		{46EC0BC1-8F51-4B4D-B967-2EE452EA68FC}.Release|Any CPU.Build.0 = Release|Any CPU
		{46EC0BC1-8F51-4B4D-B967-2EE452EA68FC}.Release|Mixed Platforms.ActiveCfg = Release|Any CPU
		{46EC0BC1-8F51-4B4D-B967-2EE452EA68FC}.Release|Mixed Platforms.Build.0 = Release|Any CPU
		{46EC0BC1-8F51-4B4D-B967-2EE452EA68FC}.Release|Win32.ActiveCfg = Release|Any CPU
		{46EC0BC1-8F51-4B4D-B967-2EE452EA68FC}.Release|Win32.Build.0 = Release|Any CPU
		{46EC0BC1-8F51-4B4D-B967-2EE452EA68FC}.Release|x64.ActiveCfg = Release|Any CPU
		{46EC0BC1-8F51-4B4D-B967-2EE452EA68FC}.Release|x64.Build.0 = Release|Any CPU
		{8472DB53-5950-4A70-864C-567A55A6C4A1}.Debug|Any CPU.ActiveCfg = Debug|Any CPU
		{8472DB53-5950-4A70-864C-567A55A6C4A1}.Debug|Any CPU.Build.0 = Debug|Any CPU
		{8472DB53-5950-4A70-864C-567A55A6C4A1}.Debug|Mixed Platforms.ActiveCfg = Debug|Any CPU
		{8472DB53-5950-4A70-864C-567A55A6C4A1}.Debug|Mixed Platforms.Build.0 = Debug|Any CPU
		{8472DB53-5950-4A70-864C-567A55A6C4A1}.Debug|Win32.ActiveCfg = Debug|Any CPU
		{8472DB53-5950-4A70-864C-567A55A6C4A1}.Debug|Win32.Build.0 = Debug|Any CPU
		{8472DB53-5950-4A70-864C-567A55A6C4A1}.Debug|x64.ActiveCfg = Debug|Any CPU
		{8472DB53-5950-4A70-864C-567A55A6C4A1}.Debug|x64.Build.0 = Debug|Any CPU
		{8472DB53-5950-4A70-864C-567A55A6C4A1}.Release|Any CPU.ActiveCfg = Release|Any CPU
		{8472DB53-5950-4A70-864C-567A55A6C4A1}.Release|Any CPU.Build.0 = Release|Any CPU
		{8472DB53-5950-4A70-864C-567A55A6C4A1}.Release|Mixed Platforms.ActiveCfg = Release|Any CPU
		{8472DB53-5950-4A70-864C-567A55A6C4A1}.Release|Mixed Platforms.Build.0 = Release|Any CPU
		{8472DB53-5950-4A70-864C-567A55A6C4A1}.Release|Win32.ActiveCfg = Release|Any CPU
		{8472DB53-5950-4A70-864C-567A55A6C4A1}.Release|Win32.Build.0 = Release|Any CPU
		{8472DB53-5950-4A70-864C-567A55A6C4A1}.Release|x64.ActiveCfg = Release|Any CPU
		{8472DB53-5950-4A70-864C-567A55A6C4A1}.Release|x64.Build.0 = Release|Any CPU
		{C3264FF3-E2D7-48D7-93A7-CDC9A827AD9D}.Debug|Any CPU.ActiveCfg = Debug|Any CPU
		{C3264FF3-E2D7-48D7-93A7-CDC9A827AD9D}.Debug|Any CPU.Build.0 = Debug|Any CPU
		{C3264FF3-E2D7-48D7-93A7-CDC9A827AD9D}.Debug|Mixed Platforms.ActiveCfg = Debug|Any CPU
		{C3264FF3-E2D7-48D7-93A7-CDC9A827AD9D}.Debug|Mixed Platforms.Build.0 = Debug|Any CPU
		{C3264FF3-E2D7-48D7-93A7-CDC9A827AD9D}.Debug|Win32.ActiveCfg = Debug|Any CPU
		{C3264FF3-E2D7-48D7-93A7-CDC9A827AD9D}.Debug|Win32.Build.0 = Debug|Any CPU
		{C3264FF3-E2D7-48D7-93A7-CDC9A827AD9D}.Debug|x64.ActiveCfg = Debug|Any CPU
		{C3264FF3-E2D7-48D7-93A7-CDC9A827AD9D}.Debug|x64.Build.0 = Debug|Any CPU
		{C3264FF3-E2D7-48D7-93A7-CDC9A827AD9D}.Release|Any CPU.ActiveCfg = Release|Any CPU
		{C3264FF3-E2D7-48D7-93A7-CDC9A827AD9D}.Release|Any CPU.Build.0 = Release|Any CPU
		{C3264FF3-E2D7-48D7-93A7-CDC9A827AD9D}.Release|Mixed Platforms.ActiveCfg = Release|Any CPU
		{C3264FF3-E2D7-48D7-93A7-CDC9A827AD9D}.Release|Mixed Platforms.Build.0 = Release|Any CPU
		{C3264FF3-E2D7-48D7-93A7-CDC9A827AD9D}.Release|Win32.ActiveCfg = Release|Any CPU
		{C3264FF3-E2D7-48D7-93A7-CDC9A827AD9D}.Release|Win32.Build.0 = Release|Any CPU
		{C3264FF3-E2D7-48D7-93A7-CDC9A827AD9D}.Release|x64.ActiveCfg = Release|Any CPU
		{C3264FF3-E2D7-48D7-93A7-CDC9A827AD9D}.Release|x64.Build.0 = Release|Any CPU
		{B00DC1F7-764B-4B65-9953-FA557E2EC493}.Debug|Any CPU.ActiveCfg = Debug|Any CPU
		{B00DC1F7-764B-4B65-9953-FA557E2EC493}.Debug|Any CPU.Build.0 = Debug|Any CPU
		{B00DC1F7-764B-4B65-9953-FA557E2EC493}.Debug|Mixed Platforms.ActiveCfg = Debug|Any CPU
		{B00DC1F7-764B-4B65-9953-FA557E2EC493}.Debug|Mixed Platforms.Build.0 = Debug|Any CPU
		{B00DC1F7-764B-4B65-9953-FA557E2EC493}.Debug|Win32.ActiveCfg = Debug|Any CPU
		{B00DC1F7-764B-4B65-9953-FA557E2EC493}.Debug|Win32.Build.0 = Debug|Any CPU
		{B00DC1F7-764B-4B65-9953-FA557E2EC493}.Debug|x64.ActiveCfg = Debug|Any CPU
		{B00DC1F7-764B-4B65-9953-FA557E2EC493}.Debug|x64.Build.0 = Debug|Any CPU
		{B00DC1F7-764B-4B65-9953-FA557E2EC493}.Release|Any CPU.ActiveCfg = Release|Any CPU
		{B00DC1F7-764B-4B65-9953-FA557E2EC493}.Release|Any CPU.Build.0 = Release|Any CPU
		{B00DC1F7-764B-4B65-9953-FA557E2EC493}.Release|Mixed Platforms.ActiveCfg = Release|Any CPU
		{B00DC1F7-764B-4B65-9953-FA557E2EC493}.Release|Mixed Platforms.Build.0 = Release|Any CPU
		{B00DC1F7-764B-4B65-9953-FA557E2EC493}.Release|Win32.ActiveCfg = Release|Any CPU
		{B00DC1F7-764B-4B65-9953-FA557E2EC493}.Release|Win32.Build.0 = Release|Any CPU
		{B00DC1F7-764B-4B65-9953-FA557E2EC493}.Release|x64.ActiveCfg = Release|Any CPU
		{B00DC1F7-764B-4B65-9953-FA557E2EC493}.Release|x64.Build.0 = Release|Any CPU
		{7FA125B4-E377-4D4C-AECB-17B934E3A4B3}.Debug|Any CPU.ActiveCfg = Debug|Any CPU
		{7FA125B4-E377-4D4C-AECB-17B934E3A4B3}.Debug|Any CPU.Build.0 = Debug|Any CPU
		{7FA125B4-E377-4D4C-AECB-17B934E3A4B3}.Debug|Mixed Platforms.ActiveCfg = Debug|Any CPU
		{7FA125B4-E377-4D4C-AECB-17B934E3A4B3}.Debug|Mixed Platforms.Build.0 = Debug|Any CPU
		{7FA125B4-E377-4D4C-AECB-17B934E3A4B3}.Debug|Win32.ActiveCfg = Debug|Any CPU
		{7FA125B4-E377-4D4C-AECB-17B934E3A4B3}.Debug|Win32.Build.0 = Debug|Any CPU
		{7FA125B4-E377-4D4C-AECB-17B934E3A4B3}.Debug|x64.ActiveCfg = Debug|Any CPU
		{7FA125B4-E377-4D4C-AECB-17B934E3A4B3}.Debug|x64.Build.0 = Debug|Any CPU
		{7FA125B4-E377-4D4C-AECB-17B934E3A4B3}.Release|Any CPU.ActiveCfg = Release|Any CPU
		{7FA125B4-E377-4D4C-AECB-17B934E3A4B3}.Release|Any CPU.Build.0 = Release|Any CPU
		{7FA125B4-E377-4D4C-AECB-17B934E3A4B3}.Release|Mixed Platforms.ActiveCfg = Release|Any CPU
		{7FA125B4-E377-4D4C-AECB-17B934E3A4B3}.Release|Mixed Platforms.Build.0 = Release|Any CPU
		{7FA125B4-E377-4D4C-AECB-17B934E3A4B3}.Release|Win32.ActiveCfg = Release|Any CPU
		{7FA125B4-E377-4D4C-AECB-17B934E3A4B3}.Release|Win32.Build.0 = Release|Any CPU
		{7FA125B4-E377-4D4C-AECB-17B934E3A4B3}.Release|x64.ActiveCfg = Release|Any CPU
		{7FA125B4-E377-4D4C-AECB-17B934E3A4B3}.Release|x64.Build.0 = Release|Any CPU
		{82F93F6E-5C10-4CC7-BC65-AC0B9CA6D39A}.Debug|Any CPU.ActiveCfg = Debug|Any CPU
		{82F93F6E-5C10-4CC7-BC65-AC0B9CA6D39A}.Debug|Any CPU.Build.0 = Debug|Any CPU
		{82F93F6E-5C10-4CC7-BC65-AC0B9CA6D39A}.Debug|Mixed Platforms.ActiveCfg = Debug|Any CPU
		{82F93F6E-5C10-4CC7-BC65-AC0B9CA6D39A}.Debug|Mixed Platforms.Build.0 = Debug|Any CPU
		{82F93F6E-5C10-4CC7-BC65-AC0B9CA6D39A}.Debug|Win32.ActiveCfg = Debug|Any CPU
		{82F93F6E-5C10-4CC7-BC65-AC0B9CA6D39A}.Debug|Win32.Build.0 = Debug|Any CPU
		{82F93F6E-5C10-4CC7-BC65-AC0B9CA6D39A}.Debug|x64.ActiveCfg = Debug|Any CPU
		{82F93F6E-5C10-4CC7-BC65-AC0B9CA6D39A}.Debug|x64.Build.0 = Debug|Any CPU
		{82F93F6E-5C10-4CC7-BC65-AC0B9CA6D39A}.Release|Any CPU.ActiveCfg = Release|Any CPU
		{82F93F6E-5C10-4CC7-BC65-AC0B9CA6D39A}.Release|Any CPU.Build.0 = Release|Any CPU
		{82F93F6E-5C10-4CC7-BC65-AC0B9CA6D39A}.Release|Mixed Platforms.ActiveCfg = Release|Any CPU
		{82F93F6E-5C10-4CC7-BC65-AC0B9CA6D39A}.Release|Mixed Platforms.Build.0 = Release|Any CPU
		{82F93F6E-5C10-4CC7-BC65-AC0B9CA6D39A}.Release|Win32.ActiveCfg = Release|Any CPU
		{82F93F6E-5C10-4CC7-BC65-AC0B9CA6D39A}.Release|Win32.Build.0 = Release|Any CPU
		{82F93F6E-5C10-4CC7-BC65-AC0B9CA6D39A}.Release|x64.ActiveCfg = Release|Any CPU
		{82F93F6E-5C10-4CC7-BC65-AC0B9CA6D39A}.Release|x64.Build.0 = Release|Any CPU
		{8FCE12F2-FE7B-43D0-94E9-3B71FECAFE64}.Debug|Any CPU.ActiveCfg = Debug|Any CPU
		{8FCE12F2-FE7B-43D0-94E9-3B71FECAFE64}.Debug|Any CPU.Build.0 = Debug|Any CPU
		{8FCE12F2-FE7B-43D0-94E9-3B71FECAFE64}.Debug|Mixed Platforms.ActiveCfg = Debug|Any CPU
		{8FCE12F2-FE7B-43D0-94E9-3B71FECAFE64}.Debug|Mixed Platforms.Build.0 = Debug|Any CPU
		{8FCE12F2-FE7B-43D0-94E9-3B71FECAFE64}.Debug|Win32.ActiveCfg = Debug|Any CPU
		{8FCE12F2-FE7B-43D0-94E9-3B71FECAFE64}.Debug|Win32.Build.0 = Debug|Any CPU
		{8FCE12F2-FE7B-43D0-94E9-3B71FECAFE64}.Debug|x64.ActiveCfg = Debug|Any CPU
		{8FCE12F2-FE7B-43D0-94E9-3B71FECAFE64}.Debug|x64.Build.0 = Debug|Any CPU
		{8FCE12F2-FE7B-43D0-94E9-3B71FECAFE64}.Release|Any CPU.ActiveCfg = Release|Any CPU
		{8FCE12F2-FE7B-43D0-94E9-3B71FECAFE64}.Release|Any CPU.Build.0 = Release|Any CPU
		{8FCE12F2-FE7B-43D0-94E9-3B71FECAFE64}.Release|Mixed Platforms.ActiveCfg = Release|Any CPU
		{8FCE12F2-FE7B-43D0-94E9-3B71FECAFE64}.Release|Mixed Platforms.Build.0 = Release|Any CPU
		{8FCE12F2-FE7B-43D0-94E9-3B71FECAFE64}.Release|Win32.ActiveCfg = Release|Any CPU
		{8FCE12F2-FE7B-43D0-94E9-3B71FECAFE64}.Release|Win32.Build.0 = Release|Any CPU
		{8FCE12F2-FE7B-43D0-94E9-3B71FECAFE64}.Release|x64.ActiveCfg = Release|Any CPU
		{8FCE12F2-FE7B-43D0-94E9-3B71FECAFE64}.Release|x64.Build.0 = Release|Any CPU
		{C6156B98-923A-474B-B257-29107476E93C}.Debug|Any CPU.ActiveCfg = Debug|Any CPU
		{C6156B98-923A-474B-B257-29107476E93C}.Debug|Any CPU.Build.0 = Debug|Any CPU
		{C6156B98-923A-474B-B257-29107476E93C}.Debug|Mixed Platforms.ActiveCfg = Debug|Any CPU
		{C6156B98-923A-474B-B257-29107476E93C}.Debug|Mixed Platforms.Build.0 = Debug|Any CPU
		{C6156B98-923A-474B-B257-29107476E93C}.Debug|Win32.ActiveCfg = Debug|Any CPU
		{C6156B98-923A-474B-B257-29107476E93C}.Debug|Win32.Build.0 = Debug|Any CPU
		{C6156B98-923A-474B-B257-29107476E93C}.Debug|x64.ActiveCfg = Debug|Any CPU
		{C6156B98-923A-474B-B257-29107476E93C}.Debug|x64.Build.0 = Debug|Any CPU
		{C6156B98-923A-474B-B257-29107476E93C}.Release|Any CPU.ActiveCfg = Release|Any CPU
		{C6156B98-923A-474B-B257-29107476E93C}.Release|Any CPU.Build.0 = Release|Any CPU
		{C6156B98-923A-474B-B257-29107476E93C}.Release|Mixed Platforms.ActiveCfg = Release|Any CPU
		{C6156B98-923A-474B-B257-29107476E93C}.Release|Mixed Platforms.Build.0 = Release|Any CPU
		{C6156B98-923A-474B-B257-29107476E93C}.Release|Win32.ActiveCfg = Release|Any CPU
		{C6156B98-923A-474B-B257-29107476E93C}.Release|Win32.Build.0 = Release|Any CPU
		{C6156B98-923A-474B-B257-29107476E93C}.Release|x64.ActiveCfg = Release|Any CPU
		{C6156B98-923A-474B-B257-29107476E93C}.Release|x64.Build.0 = Release|Any CPU
		{A7E48768-23B5-4A11-B10A-048FB21A0955}.Debug|Any CPU.ActiveCfg = Debug|Any CPU
		{A7E48768-23B5-4A11-B10A-048FB21A0955}.Debug|Any CPU.Build.0 = Debug|Any CPU
		{A7E48768-23B5-4A11-B10A-048FB21A0955}.Debug|Mixed Platforms.ActiveCfg = Debug|Any CPU
		{A7E48768-23B5-4A11-B10A-048FB21A0955}.Debug|Mixed Platforms.Build.0 = Debug|Any CPU
		{A7E48768-23B5-4A11-B10A-048FB21A0955}.Debug|Win32.ActiveCfg = Debug|Any CPU
		{A7E48768-23B5-4A11-B10A-048FB21A0955}.Debug|Win32.Build.0 = Debug|Any CPU
		{A7E48768-23B5-4A11-B10A-048FB21A0955}.Debug|x64.ActiveCfg = Debug|Any CPU
		{A7E48768-23B5-4A11-B10A-048FB21A0955}.Debug|x64.Build.0 = Debug|Any CPU
		{A7E48768-23B5-4A11-B10A-048FB21A0955}.Release|Any CPU.ActiveCfg = Release|Any CPU
		{A7E48768-23B5-4A11-B10A-048FB21A0955}.Release|Any CPU.Build.0 = Release|Any CPU
		{A7E48768-23B5-4A11-B10A-048FB21A0955}.Release|Mixed Platforms.ActiveCfg = Release|Any CPU
		{A7E48768-23B5-4A11-B10A-048FB21A0955}.Release|Mixed Platforms.Build.0 = Release|Any CPU
		{A7E48768-23B5-4A11-B10A-048FB21A0955}.Release|Win32.ActiveCfg = Release|Any CPU
		{A7E48768-23B5-4A11-B10A-048FB21A0955}.Release|Win32.Build.0 = Release|Any CPU
		{A7E48768-23B5-4A11-B10A-048FB21A0955}.Release|x64.ActiveCfg = Release|Any CPU
		{A7E48768-23B5-4A11-B10A-048FB21A0955}.Release|x64.Build.0 = Release|Any CPU
		{520F4C89-51B6-49D6-9ED7-4523048C0154}.Debug|Any CPU.ActiveCfg = Debug|Any CPU
		{520F4C89-51B6-49D6-9ED7-4523048C0154}.Debug|Any CPU.Build.0 = Debug|Any CPU
		{520F4C89-51B6-49D6-9ED7-4523048C0154}.Debug|Mixed Platforms.ActiveCfg = Debug|Any CPU
		{520F4C89-51B6-49D6-9ED7-4523048C0154}.Debug|Mixed Platforms.Build.0 = Debug|Any CPU
		{520F4C89-51B6-49D6-9ED7-4523048C0154}.Debug|Win32.ActiveCfg = Debug|Any CPU
		{520F4C89-51B6-49D6-9ED7-4523048C0154}.Debug|Win32.Build.0 = Debug|Any CPU
		{520F4C89-51B6-49D6-9ED7-4523048C0154}.Debug|x64.ActiveCfg = Debug|Any CPU
		{520F4C89-51B6-49D6-9ED7-4523048C0154}.Debug|x64.Build.0 = Debug|Any CPU
		{520F4C89-51B6-49D6-9ED7-4523048C0154}.Release|Any CPU.ActiveCfg = Release|Any CPU
		{520F4C89-51B6-49D6-9ED7-4523048C0154}.Release|Any CPU.Build.0 = Release|Any CPU
		{520F4C89-51B6-49D6-9ED7-4523048C0154}.Release|Mixed Platforms.ActiveCfg = Release|Any CPU
		{520F4C89-51B6-49D6-9ED7-4523048C0154}.Release|Mixed Platforms.Build.0 = Release|Any CPU
		{520F4C89-51B6-49D6-9ED7-4523048C0154}.Release|Win32.ActiveCfg = Release|Any CPU
		{520F4C89-51B6-49D6-9ED7-4523048C0154}.Release|Win32.Build.0 = Release|Any CPU
		{520F4C89-51B6-49D6-9ED7-4523048C0154}.Release|x64.ActiveCfg = Release|Any CPU
		{520F4C89-51B6-49D6-9ED7-4523048C0154}.Release|x64.Build.0 = Release|Any CPU
		{FD6D4774-71B7-4D7A-BE91-753B12C0BB4E}.Debug|Any CPU.ActiveCfg = Debug|Any CPU
		{FD6D4774-71B7-4D7A-BE91-753B12C0BB4E}.Debug|Any CPU.Build.0 = Debug|Any CPU
		{FD6D4774-71B7-4D7A-BE91-753B12C0BB4E}.Debug|Mixed Platforms.ActiveCfg = Debug|Any CPU
		{FD6D4774-71B7-4D7A-BE91-753B12C0BB4E}.Debug|Mixed Platforms.Build.0 = Debug|Any CPU
		{FD6D4774-71B7-4D7A-BE91-753B12C0BB4E}.Debug|Win32.ActiveCfg = Debug|Any CPU
		{FD6D4774-71B7-4D7A-BE91-753B12C0BB4E}.Debug|Win32.Build.0 = Debug|Any CPU
		{FD6D4774-71B7-4D7A-BE91-753B12C0BB4E}.Debug|x64.ActiveCfg = Debug|Any CPU
		{FD6D4774-71B7-4D7A-BE91-753B12C0BB4E}.Debug|x64.Build.0 = Debug|Any CPU
		{FD6D4774-71B7-4D7A-BE91-753B12C0BB4E}.Release|Any CPU.ActiveCfg = Release|Any CPU
		{FD6D4774-71B7-4D7A-BE91-753B12C0BB4E}.Release|Any CPU.Build.0 = Release|Any CPU
		{FD6D4774-71B7-4D7A-BE91-753B12C0BB4E}.Release|Mixed Platforms.ActiveCfg = Release|Any CPU
		{FD6D4774-71B7-4D7A-BE91-753B12C0BB4E}.Release|Mixed Platforms.Build.0 = Release|Any CPU
		{FD6D4774-71B7-4D7A-BE91-753B12C0BB4E}.Release|Win32.ActiveCfg = Release|Any CPU
		{FD6D4774-71B7-4D7A-BE91-753B12C0BB4E}.Release|Win32.Build.0 = Release|Any CPU
		{FD6D4774-71B7-4D7A-BE91-753B12C0BB4E}.Release|x64.ActiveCfg = Release|Any CPU
		{FD6D4774-71B7-4D7A-BE91-753B12C0BB4E}.Release|x64.Build.0 = Release|Any CPU
		{B93FC354-D59D-4650-84E4-7FCA7D51689A}.Debug|Any CPU.ActiveCfg = Debug|Any CPU
		{B93FC354-D59D-4650-84E4-7FCA7D51689A}.Debug|Any CPU.Build.0 = Debug|Any CPU
		{B93FC354-D59D-4650-84E4-7FCA7D51689A}.Debug|Mixed Platforms.ActiveCfg = Debug|Any CPU
		{B93FC354-D59D-4650-84E4-7FCA7D51689A}.Debug|Mixed Platforms.Build.0 = Debug|Any CPU
		{B93FC354-D59D-4650-84E4-7FCA7D51689A}.Debug|Win32.ActiveCfg = Debug|Any CPU
		{B93FC354-D59D-4650-84E4-7FCA7D51689A}.Debug|Win32.Build.0 = Debug|Any CPU
		{B93FC354-D59D-4650-84E4-7FCA7D51689A}.Debug|x64.ActiveCfg = Debug|Any CPU
		{B93FC354-D59D-4650-84E4-7FCA7D51689A}.Debug|x64.Build.0 = Debug|Any CPU
		{B93FC354-D59D-4650-84E4-7FCA7D51689A}.Release|Any CPU.ActiveCfg = Release|Any CPU
		{B93FC354-D59D-4650-84E4-7FCA7D51689A}.Release|Any CPU.Build.0 = Release|Any CPU
		{B93FC354-D59D-4650-84E4-7FCA7D51689A}.Release|Mixed Platforms.ActiveCfg = Release|Any CPU
		{B93FC354-D59D-4650-84E4-7FCA7D51689A}.Release|Mixed Platforms.Build.0 = Release|Any CPU
		{B93FC354-D59D-4650-84E4-7FCA7D51689A}.Release|Win32.ActiveCfg = Release|Any CPU
		{B93FC354-D59D-4650-84E4-7FCA7D51689A}.Release|Win32.Build.0 = Release|Any CPU
		{B93FC354-D59D-4650-84E4-7FCA7D51689A}.Release|x64.ActiveCfg = Release|Any CPU
		{B93FC354-D59D-4650-84E4-7FCA7D51689A}.Release|x64.Build.0 = Release|Any CPU
	EndGlobalSection
	GlobalSection(SolutionProperties) = preSolution
		HideSolutionNode = FALSE
	EndGlobalSection
	GlobalSection(NestedProjects) = preSolution
		{64FE69B2-CE0B-4A47-83A3-9DE803851447} = {5D8A9D62-C11C-45B2-8965-43DE8160B558}
		{12B66B03-90F1-4992-BD33-BDF3C69AE49E} = {64FE69B2-CE0B-4A47-83A3-9DE803851447}
		{15B64946-4989-4873-915C-3E181772FA03} = {64FE69B2-CE0B-4A47-83A3-9DE803851447}
		{B0791F6D-5D14-40DD-A2CB-5D2A97892693} = {64FE69B2-CE0B-4A47-83A3-9DE803851447}
		{EA9871E3-9972-4476-821E-3961C28125E8} = {64FE69B2-CE0B-4A47-83A3-9DE803851447}
		{28C7B9D6-BE1F-45E5-952C-0D5C9CA3EFDF} = {64FE69B2-CE0B-4A47-83A3-9DE803851447}
		{42BC31BF-0A03-43EC-925B-1419DD7F2C7C} = {64FE69B2-CE0B-4A47-83A3-9DE803851447}
		{2E368281-3BA8-4050-B05E-0E0E43F8F446} = {64FE69B2-CE0B-4A47-83A3-9DE803851447}
		{3FA7B726-8AF9-4554-B41A-0BD915E4EAB5} = {64FE69B2-CE0B-4A47-83A3-9DE803851447}
		{83154E24-B0DD-48E7-8BB5-55CF3D7B0FE3} = {5D8A9D62-C11C-45B2-8965-43DE8160B558}
		{6A281C98-B74D-403B-8536-966871B992E3} = {83154E24-B0DD-48E7-8BB5-55CF3D7B0FE3}
		{1D38AEC8-F5C0-4B1C-A0AE-18F4015A2E78} = {83154E24-B0DD-48E7-8BB5-55CF3D7B0FE3}
		{A35E6AD6-6D46-41E1-8DB1-A41086793893} = {83154E24-B0DD-48E7-8BB5-55CF3D7B0FE3}
		{08D0F53A-CD37-4060-B5A2-BCC202F0DE46} = {83154E24-B0DD-48E7-8BB5-55CF3D7B0FE3}
		{DBD0C8B0-BE4E-4CBF-AAD4-44BEA2EA830B} = {83154E24-B0DD-48E7-8BB5-55CF3D7B0FE3}
		{F0BA2671-5160-4164-B1FC-2883728C42D9} = {83154E24-B0DD-48E7-8BB5-55CF3D7B0FE3}
		{DDCE1AE3-AA0D-4E2D-AD1B-8CA322AFA7DD} = {83154E24-B0DD-48E7-8BB5-55CF3D7B0FE3}
		{C861E6BA-852B-4BC1-ACE7-77C8D6E7898B} = {83154E24-B0DD-48E7-8BB5-55CF3D7B0FE3}
		{7B573D52-181D-482F-A61C-82E543B3E958} = {5D8A9D62-C11C-45B2-8965-43DE8160B558}
		{D209C368-1277-4EA6-A887-AA6EBA51AB99} = {7B573D52-181D-482F-A61C-82E543B3E958}
		{705FBD41-77A9-4FE7-A6C1-85026F2DDA09} = {7B573D52-181D-482F-A61C-82E543B3E958}
		{E7541163-D7BB-4E9A-A722-D7737B7A2995} = {7B573D52-181D-482F-A61C-82E543B3E958}
		{5B8B0EAB-3E74-48BB-8231-26E73B2019DC} = {7B573D52-181D-482F-A61C-82E543B3E958}
		{46EC0BC1-8F51-4B4D-B967-2EE452EA68FC} = {7B573D52-181D-482F-A61C-82E543B3E958}
		{8472DB53-5950-4A70-864C-567A55A6C4A1} = {7B573D52-181D-482F-A61C-82E543B3E958}
		{C3264FF3-E2D7-48D7-93A7-CDC9A827AD9D} = {7B573D52-181D-482F-A61C-82E543B3E958}
		{B00DC1F7-764B-4B65-9953-FA557E2EC493} = {7B573D52-181D-482F-A61C-82E543B3E958}
		{A972031D-2F61-4183-AF75-99EE1A9F6B32} = {49D441DF-39FD-4F4D-AECA-86CF8EFE23AF}
		{0DA39A07-D5ED-4031-AA6E-CAA873124ACA} = {5D8A9D62-C11C-45B2-8965-43DE8160B558}
		{7FA125B4-E377-4D4C-AECB-17B934E3A4B3} = {0DA39A07-D5ED-4031-AA6E-CAA873124ACA}
		{82F93F6E-5C10-4CC7-BC65-AC0B9CA6D39A} = {0DA39A07-D5ED-4031-AA6E-CAA873124ACA}
		{8FCE12F2-FE7B-43D0-94E9-3B71FECAFE64} = {0DA39A07-D5ED-4031-AA6E-CAA873124ACA}
		{C6156B98-923A-474B-B257-29107476E93C} = {0DA39A07-D5ED-4031-AA6E-CAA873124ACA}
		{A7E48768-23B5-4A11-B10A-048FB21A0955} = {0DA39A07-D5ED-4031-AA6E-CAA873124ACA}
		{520F4C89-51B6-49D6-9ED7-4523048C0154} = {0DA39A07-D5ED-4031-AA6E-CAA873124ACA}
		{FD6D4774-71B7-4D7A-BE91-753B12C0BB4E} = {0DA39A07-D5ED-4031-AA6E-CAA873124ACA}
		{B93FC354-D59D-4650-84E4-7FCA7D51689A} = {0DA39A07-D5ED-4031-AA6E-CAA873124ACA}
	EndGlobalSection
	GlobalSection(MonoDevelopProperties) = preSolution
		StartupItem = src\NUnitConsole\nunit3-console\nunit3-console.csproj
		{28B605B2-E2E9-417E-8369-49E263F1F31B} = {31B45C4C-206F-4F31-9CC6-33BF11DFEE39}
		{FFF45826-991F-465B-8A03-0E1DB7E8F38C} = {31B45C4C-206F-4F31-9CC6-33BF11DFEE39}
		{11640C9F-03A3-456B-848D-9B4A126F9506} = {31B45C4C-206F-4F31-9CC6-33BF11DFEE39}
	EndGlobalSection
EndGlobal
