
Microsoft Visual Studio Solution File, Format Version 12.00
# Visual Studio 14
VisualStudioVersion = 14.0.23107.0
MinimumVisualStudioVersion = 10.0.40219.1
Project("{FAE04EC0-301F-11D3-BF4B-00C04F79EFBC}") = "nunit.integration.tests", "integration\nunit.integration.tests\nunit.integration.tests.csproj", "{20341411-06A1-4A0E-8896-020500C3D4E5}"
EndProject
Global
	GlobalSection(SolutionConfigurationPlatforms) = preSolution
		Debug|Any CPU = Debug|Any CPU
		Release|Any CPU = Release|Any CPU
	EndGlobalSection
	GlobalSection(ProjectConfigurationPlatforms) = postSolution
		{20341411-06A1-4A0E-8896-020500C3D4E5}.Debug|Any CPU.ActiveCfg = Debug|Any CPU
		{20341411-06A1-4A0E-8896-020500C3D4E5}.Debug|Any CPU.Build.0 = Debug|Any CPU
		{20341411-06A1-4A0E-8896-020500C3D4E5}.Release|Any CPU.ActiveCfg = Release|Any CPU
		{20341411-06A1-4A0E-8896-020500C3D4E5}.Release|Any CPU.Build.0 = Release|Any CPU
	EndGlobalSection
	GlobalSection(SolutionProperties) = preSolution
		HideSolutionNode = FALSE
	EndGlobalSection
EndGlobal
