
Microsoft Visual Studio Solution File, Format Version 10.00
# Visual Studio 2008
Project("{FAE04EC0-301F-11D3-BF4B-00C04F79EFBC}") = "nunit.framework", "framework\nunit.framework.csproj", "{12B66B03-90F1-4992-BD33-BDF3C69AE49E}"
EndProject
Project("{FAE04EC0-301F-11D3-BF4B-00C04F79EFBC}") = "nunit.framework.tests", "tests\nunit.framework.tests.csproj", "{EA9871E3-9972-4476-821E-3961C28125E8}"
EndProject
Project("{FAE04EC0-301F-11D3-BF4B-00C04F79EFBC}") = "nunitlite", "nunitlite\nunitlite.csproj", "{0BFA7F0A-BC15-40A5-863A-FA9B55AE2FD3}"
EndProject
Project("{FAE04EC0-301F-11D3-BF4B-00C04F79EFBC}") = "nunitlite.tests", "nunitlite.tests\nunitlite.tests.csproj", "{0B5B1B19-D9D1-4E9C-80EE-37D4F56282C1}"
EndProject
Project("{FAE04EC0-301F-11D3-BF4B-00C04F79EFBC}") = "NUnitLiteTests", "NUnitLiteTests\NUnitLiteTests.csproj", "{F57C72F6-080C-45ED-813A-92158FC09221}"
EndProject
Global
	GlobalSection(SolutionConfigurationPlatforms) = preSolution
		Debug|Any CPU = Debug|Any CPU
		Release|Any CPU = Release|Any CPU
	EndGlobalSection
	GlobalSection(ProjectConfigurationPlatforms) = postSolution
		{12B66B03-90F1-4992-BD33-BDF3C69AE49E}.Debug|Any CPU.ActiveCfg = Debug|Any CPU
		{12B66B03-90F1-4992-BD33-BDF3C69AE49E}.Debug|Any CPU.Build.0 = Debug|Any CPU
		{12B66B03-90F1-4992-BD33-BDF3C69AE49E}.Release|Any CPU.ActiveCfg = Release|Any CPU
		{12B66B03-90F1-4992-BD33-BDF3C69AE49E}.Release|Any CPU.Build.0 = Release|Any CPU
		{EA9871E3-9972-4476-821E-3961C28125E8}.Debug|Any CPU.ActiveCfg = Debug|Any CPU
		{EA9871E3-9972-4476-821E-3961C28125E8}.Debug|Any CPU.Build.0 = Debug|Any CPU
		{EA9871E3-9972-4476-821E-3961C28125E8}.Release|Any CPU.ActiveCfg = Release|Any CPU
		{EA9871E3-9972-4476-821E-3961C28125E8}.Release|Any CPU.Build.0 = Release|Any CPU
		{0BFA7F0A-BC15-40A5-863A-FA9B55AE2FD3}.Debug|Any CPU.ActiveCfg = Debug|Any CPU
		{0BFA7F0A-BC15-40A5-863A-FA9B55AE2FD3}.Debug|Any CPU.Build.0 = Debug|Any CPU
		{0BFA7F0A-BC15-40A5-863A-FA9B55AE2FD3}.Release|Any CPU.ActiveCfg = Release|Any CPU
		{0BFA7F0A-BC15-40A5-863A-FA9B55AE2FD3}.Release|Any CPU.Build.0 = Release|Any CPU
		{0B5B1B19-D9D1-4E9C-80EE-37D4F56282C1}.Debug|Any CPU.ActiveCfg = Debug|Any CPU
		{0B5B1B19-D9D1-4E9C-80EE-37D4F56282C1}.Debug|Any CPU.Build.0 = Debug|Any CPU
		{0B5B1B19-D9D1-4E9C-80EE-37D4F56282C1}.Release|Any CPU.ActiveCfg = Release|Any CPU
		{0B5B1B19-D9D1-4E9C-80EE-37D4F56282C1}.Release|Any CPU.Build.0 = Release|Any CPU
		{F57C72F6-080C-45ED-813A-92158FC09221}.Debug|Any CPU.ActiveCfg = Debug|Any CPU
		{F57C72F6-080C-45ED-813A-92158FC09221}.Debug|Any CPU.Build.0 = Debug|Any CPU
		{F57C72F6-080C-45ED-813A-92158FC09221}.Release|Any CPU.ActiveCfg = Release|Any CPU
		{F57C72F6-080C-45ED-813A-92158FC09221}.Release|Any CPU.Build.0 = Release|Any CPU
	EndGlobalSection
	GlobalSection(SolutionProperties) = preSolution
		HideSolutionNode = FALSE
	EndGlobalSection
EndGlobal
