
Microsoft Visual Studio Solution File, Format Version 9.00
# Visual Studio 2005
Project("{FAE04EC0-301F-11D3-BF4B-00C04F79EFBC}") = "nunit.framework.tests", "nunit.framework.tests\nunit.framework.tests.csproj", "{F6410C35-1348-46EA-BB1C-D8866C31458E}"
EndProject
Project("{FAE04EC0-301F-11D3-BF4B-00C04F79EFBC}") = "nunit.framework", "nunit.framework\nunit.framework.csproj", "{816F2E66-2A25-4513-B5FA-8ECB4A5647CD}"
EndProject
Project("{FAE04EC0-301F-11D3-BF4B-00C04F79EFBC}") = "nunitlite", "nunitlite\nunitlite.csproj", "{83A1B699-7177-4C00-BAAC-83A82571DC23}"
EndProject
Project("{FAE04EC0-301F-11D3-BF4B-00C04F79EFBC}") = "nunitlite.tests", "nunitlite.tests\nunitlite.tests.csproj", "{0FE72EDD-8CDF-4AEA-9F5E-C0621839F44F}"
EndProject
Project("{FAE04EC0-301F-11D3-BF4B-00C04F79EFBC}") = "test-assembly", "test-assembly\test-assembly.csproj", "{E8B2744E-AF16-4451-A9E9-2F669AAB4E45}"
EndProject
Project("{FAE04EC0-301F-11D3-BF4B-00C04F79EFBC}") = "test-runner", "test-runner\test-runner.csproj", "{5D2E48F2-5E51-4EA4-BD92-BB93CB3113A2}"
EndProject
Global
	GlobalSection(SolutionConfigurationPlatforms) = preSolution
		Debug|Any CPU = Debug|Any CPU
		Release|Any CPU = Release|Any CPU
	EndGlobalSection
	GlobalSection(ProjectConfigurationPlatforms) = postSolution
		{F6410C35-1348-46EA-BB1C-D8866C31458E}.Debug|Any CPU.ActiveCfg = Debug|Any CPU
		{F6410C35-1348-46EA-BB1C-D8866C31458E}.Debug|Any CPU.Build.0 = Debug|Any CPU
		{F6410C35-1348-46EA-BB1C-D8866C31458E}.Release|Any CPU.ActiveCfg = Release|Any CPU
		{F6410C35-1348-46EA-BB1C-D8866C31458E}.Release|Any CPU.Build.0 = Release|Any CPU
		{816F2E66-2A25-4513-B5FA-8ECB4A5647CD}.Debug|Any CPU.ActiveCfg = Debug|Any CPU
		{816F2E66-2A25-4513-B5FA-8ECB4A5647CD}.Debug|Any CPU.Build.0 = Debug|Any CPU
		{816F2E66-2A25-4513-B5FA-8ECB4A5647CD}.Release|Any CPU.ActiveCfg = Release|Any CPU
		{816F2E66-2A25-4513-B5FA-8ECB4A5647CD}.Release|Any CPU.Build.0 = Release|Any CPU
		{83A1B699-7177-4C00-BAAC-83A82571DC23}.Debug|Any CPU.ActiveCfg = Debug|Any CPU
		{83A1B699-7177-4C00-BAAC-83A82571DC23}.Debug|Any CPU.Build.0 = Debug|Any CPU
		{83A1B699-7177-4C00-BAAC-83A82571DC23}.Release|Any CPU.ActiveCfg = Release|Any CPU
		{83A1B699-7177-4C00-BAAC-83A82571DC23}.Release|Any CPU.Build.0 = Release|Any CPU
		{0FE72EDD-8CDF-4AEA-9F5E-C0621839F44F}.Debug|Any CPU.ActiveCfg = Debug|Any CPU
		{0FE72EDD-8CDF-4AEA-9F5E-C0621839F44F}.Debug|Any CPU.Build.0 = Debug|Any CPU
		{0FE72EDD-8CDF-4AEA-9F5E-C0621839F44F}.Release|Any CPU.ActiveCfg = Release|Any CPU
		{0FE72EDD-8CDF-4AEA-9F5E-C0621839F44F}.Release|Any CPU.Build.0 = Release|Any CPU
		{E8B2744E-AF16-4451-A9E9-2F669AAB4E45}.Debug|Any CPU.ActiveCfg = Debug|Any CPU
		{E8B2744E-AF16-4451-A9E9-2F669AAB4E45}.Debug|Any CPU.Build.0 = Debug|Any CPU
		{E8B2744E-AF16-4451-A9E9-2F669AAB4E45}.Release|Any CPU.ActiveCfg = Release|Any CPU
		{E8B2744E-AF16-4451-A9E9-2F669AAB4E45}.Release|Any CPU.Build.0 = Release|Any CPU
		{5D2E48F2-5E51-4EA4-BD92-BB93CB3113A2}.Debug|Any CPU.ActiveCfg = Debug|Any CPU
		{5D2E48F2-5E51-4EA4-BD92-BB93CB3113A2}.Debug|Any CPU.Build.0 = Debug|Any CPU
		{5D2E48F2-5E51-4EA4-BD92-BB93CB3113A2}.Release|Any CPU.ActiveCfg = Release|Any CPU
		{5D2E48F2-5E51-4EA4-BD92-BB93CB3113A2}.Release|Any CPU.Build.0 = Release|Any CPU
	EndGlobalSection
	GlobalSection(SolutionProperties) = preSolution
		HideSolutionNode = FALSE
	EndGlobalSection
EndGlobal
