
Microsoft Visual Studio Solution File, Format Version 11.00
# Visual Studio 2010
Project("{FAE04EC0-301F-11D3-BF4B-00C04F79EFBC}") = "nunit.framework", "nunit.framework\nunit.framework.csproj", "{F55F0FC4-E9B8-4D3C-B499-2FBB1E7C1D09}"
EndProject
Project("{FAE04EC0-301F-11D3-BF4B-00C04F79EFBC}") = "nunitlite", "nunitlite\nunitlite.csproj", "{756BF807-B7A1-4BC0-B6AE-61FE0AF30C5B}"
EndProject
Project("{FAE04EC0-301F-11D3-BF4B-00C04F79EFBC}") = "test-assembly", "test-assembly\test-assembly.csproj", "{3A0FAD44-A336-43D4-90D9-A5206EB6F02E}"
EndProject
Project("{FAE04EC0-301F-11D3-BF4B-00C04F79EFBC}") = "nunit.framework.tests", "nunit.framework.tests\nunit.framework.tests.csproj", "{F74B8EB0-2FCC-4A78-9D50-FDC794CC0B38}"
EndProject
Project("{FAE04EC0-301F-11D3-BF4B-00C04F79EFBC}") = "test-runner", "test-runner\test-runner.csproj", "{DFFF08BE-FB85-4A8C-81A0-6CF77DA20A5F}"
EndProject
Project("{FAE04EC0-301F-11D3-BF4B-00C04F79EFBC}") = "nunitlite.tests", "nunitlite.tests\nunitlite.tests.csproj", "{477DCA46-A164-4A54-9B2B-2258F6DCBCD9}"
EndProject
Global
	GlobalSection(SolutionConfigurationPlatforms) = preSolution
		Debug|Any CPU = Debug|Any CPU
		Debug|Mixed Platforms = Debug|Mixed Platforms
		Debug|x86 = Debug|x86
		Release|Any CPU = Release|Any CPU
		Release|Mixed Platforms = Release|Mixed Platforms
		Release|x86 = Release|x86
	EndGlobalSection
	GlobalSection(ProjectConfigurationPlatforms) = postSolution
		{F55F0FC4-E9B8-4D3C-B499-2FBB1E7C1D09}.Debug|Any CPU.ActiveCfg = Debug|Any CPU
		{F55F0FC4-E9B8-4D3C-B499-2FBB1E7C1D09}.Debug|Any CPU.Build.0 = Debug|Any CPU
		{F55F0FC4-E9B8-4D3C-B499-2FBB1E7C1D09}.Debug|Mixed Platforms.ActiveCfg = Debug|Any CPU
		{F55F0FC4-E9B8-4D3C-B499-2FBB1E7C1D09}.Debug|Mixed Platforms.Build.0 = Debug|Any CPU
		{F55F0FC4-E9B8-4D3C-B499-2FBB1E7C1D09}.Debug|x86.ActiveCfg = Debug|Any CPU
		{F55F0FC4-E9B8-4D3C-B499-2FBB1E7C1D09}.Release|Any CPU.ActiveCfg = Release|Any CPU
		{F55F0FC4-E9B8-4D3C-B499-2FBB1E7C1D09}.Release|Any CPU.Build.0 = Release|Any CPU
		{F55F0FC4-E9B8-4D3C-B499-2FBB1E7C1D09}.Release|Mixed Platforms.ActiveCfg = Release|Any CPU
		{F55F0FC4-E9B8-4D3C-B499-2FBB1E7C1D09}.Release|Mixed Platforms.Build.0 = Release|Any CPU
		{F55F0FC4-E9B8-4D3C-B499-2FBB1E7C1D09}.Release|x86.ActiveCfg = Release|Any CPU
		{756BF807-B7A1-4BC0-B6AE-61FE0AF30C5B}.Debug|Any CPU.ActiveCfg = Debug|Any CPU
		{756BF807-B7A1-4BC0-B6AE-61FE0AF30C5B}.Debug|Any CPU.Build.0 = Debug|Any CPU
		{756BF807-B7A1-4BC0-B6AE-61FE0AF30C5B}.Debug|Mixed Platforms.ActiveCfg = Debug|Any CPU
		{756BF807-B7A1-4BC0-B6AE-61FE0AF30C5B}.Debug|Mixed Platforms.Build.0 = Debug|Any CPU
		{756BF807-B7A1-4BC0-B6AE-61FE0AF30C5B}.Debug|x86.ActiveCfg = Debug|Any CPU
		{756BF807-B7A1-4BC0-B6AE-61FE0AF30C5B}.Release|Any CPU.ActiveCfg = Release|Any CPU
		{756BF807-B7A1-4BC0-B6AE-61FE0AF30C5B}.Release|Any CPU.Build.0 = Release|Any CPU
		{756BF807-B7A1-4BC0-B6AE-61FE0AF30C5B}.Release|Mixed Platforms.ActiveCfg = Release|Any CPU
		{756BF807-B7A1-4BC0-B6AE-61FE0AF30C5B}.Release|Mixed Platforms.Build.0 = Release|Any CPU
		{756BF807-B7A1-4BC0-B6AE-61FE0AF30C5B}.Release|x86.ActiveCfg = Release|Any CPU
		{3A0FAD44-A336-43D4-90D9-A5206EB6F02E}.Debug|Any CPU.ActiveCfg = Debug|Any CPU
		{3A0FAD44-A336-43D4-90D9-A5206EB6F02E}.Debug|Any CPU.Build.0 = Debug|Any CPU
		{3A0FAD44-A336-43D4-90D9-A5206EB6F02E}.Debug|Mixed Platforms.ActiveCfg = Debug|Any CPU
		{3A0FAD44-A336-43D4-90D9-A5206EB6F02E}.Debug|Mixed Platforms.Build.0 = Debug|Any CPU
		{3A0FAD44-A336-43D4-90D9-A5206EB6F02E}.Debug|x86.ActiveCfg = Debug|Any CPU
		{3A0FAD44-A336-43D4-90D9-A5206EB6F02E}.Release|Any CPU.ActiveCfg = Release|Any CPU
		{3A0FAD44-A336-43D4-90D9-A5206EB6F02E}.Release|Any CPU.Build.0 = Release|Any CPU
		{3A0FAD44-A336-43D4-90D9-A5206EB6F02E}.Release|Mixed Platforms.ActiveCfg = Release|Any CPU
		{3A0FAD44-A336-43D4-90D9-A5206EB6F02E}.Release|Mixed Platforms.Build.0 = Release|Any CPU
		{3A0FAD44-A336-43D4-90D9-A5206EB6F02E}.Release|x86.ActiveCfg = Release|Any CPU
		{F74B8EB0-2FCC-4A78-9D50-FDC794CC0B38}.Debug|Any CPU.ActiveCfg = Debug|Any CPU
		{F74B8EB0-2FCC-4A78-9D50-FDC794CC0B38}.Debug|Any CPU.Build.0 = Debug|Any CPU
		{F74B8EB0-2FCC-4A78-9D50-FDC794CC0B38}.Debug|Mixed Platforms.ActiveCfg = Debug|Any CPU
		{F74B8EB0-2FCC-4A78-9D50-FDC794CC0B38}.Debug|Mixed Platforms.Build.0 = Debug|Any CPU
		{F74B8EB0-2FCC-4A78-9D50-FDC794CC0B38}.Debug|x86.ActiveCfg = Debug|Any CPU
		{F74B8EB0-2FCC-4A78-9D50-FDC794CC0B38}.Release|Any CPU.ActiveCfg = Release|Any CPU
		{F74B8EB0-2FCC-4A78-9D50-FDC794CC0B38}.Release|Any CPU.Build.0 = Release|Any CPU
		{F74B8EB0-2FCC-4A78-9D50-FDC794CC0B38}.Release|Mixed Platforms.ActiveCfg = Release|Any CPU
		{F74B8EB0-2FCC-4A78-9D50-FDC794CC0B38}.Release|Mixed Platforms.Build.0 = Release|Any CPU
		{F74B8EB0-2FCC-4A78-9D50-FDC794CC0B38}.Release|x86.ActiveCfg = Release|Any CPU
		{DFFF08BE-FB85-4A8C-81A0-6CF77DA20A5F}.Debug|Any CPU.ActiveCfg = Debug|x86
		{DFFF08BE-FB85-4A8C-81A0-6CF77DA20A5F}.Debug|Mixed Platforms.ActiveCfg = Debug|x86
		{DFFF08BE-FB85-4A8C-81A0-6CF77DA20A5F}.Debug|Mixed Platforms.Build.0 = Debug|x86
		{DFFF08BE-FB85-4A8C-81A0-6CF77DA20A5F}.Debug|x86.ActiveCfg = Debug|x86
		{DFFF08BE-FB85-4A8C-81A0-6CF77DA20A5F}.Debug|x86.Build.0 = Debug|x86
		{DFFF08BE-FB85-4A8C-81A0-6CF77DA20A5F}.Release|Any CPU.ActiveCfg = Release|x86
		{DFFF08BE-FB85-4A8C-81A0-6CF77DA20A5F}.Release|Mixed Platforms.ActiveCfg = Release|x86
		{DFFF08BE-FB85-4A8C-81A0-6CF77DA20A5F}.Release|Mixed Platforms.Build.0 = Release|x86
		{DFFF08BE-FB85-4A8C-81A0-6CF77DA20A5F}.Release|x86.ActiveCfg = Release|x86
		{DFFF08BE-FB85-4A8C-81A0-6CF77DA20A5F}.Release|x86.Build.0 = Release|x86
		{477DCA46-A164-4A54-9B2B-2258F6DCBCD9}.Debug|Any CPU.ActiveCfg = Debug|x86
		{477DCA46-A164-4A54-9B2B-2258F6DCBCD9}.Debug|Mixed Platforms.ActiveCfg = Debug|x86
		{477DCA46-A164-4A54-9B2B-2258F6DCBCD9}.Debug|Mixed Platforms.Build.0 = Debug|x86
		{477DCA46-A164-4A54-9B2B-2258F6DCBCD9}.Debug|x86.ActiveCfg = Debug|x86
		{477DCA46-A164-4A54-9B2B-2258F6DCBCD9}.Debug|x86.Build.0 = Debug|x86
		{477DCA46-A164-4A54-9B2B-2258F6DCBCD9}.Release|Any CPU.ActiveCfg = Release|x86
		{477DCA46-A164-4A54-9B2B-2258F6DCBCD9}.Release|Mixed Platforms.ActiveCfg = Release|x86
		{477DCA46-A164-4A54-9B2B-2258F6DCBCD9}.Release|Mixed Platforms.Build.0 = Release|x86
		{477DCA46-A164-4A54-9B2B-2258F6DCBCD9}.Release|x86.ActiveCfg = Release|x86
		{477DCA46-A164-4A54-9B2B-2258F6DCBCD9}.Release|x86.Build.0 = Release|x86
	EndGlobalSection
	GlobalSection(SolutionProperties) = preSolution
		HideSolutionNode = FALSE
	EndGlobalSection
EndGlobal
