
Microsoft Visual Studio Solution File, Format Version 10.00
# Visual Studio 2008
Project("{FAE04EC0-301F-11D3-BF4B-00C04F79EFBC}") = "nunit.framework-vs2008", "src\framework\nunit.framework-vs2008.csproj", "{12B66B03-90F1-4992-BD33-BDF3C69AE49E}"
EndProject
Project("{FAE04EC0-301F-11D3-BF4B-00C04F79EFBC}") = "direct-runner-vs2008", "src\direct-runner\direct-runner-vs2008.csproj", "{126DBBB4-1731-4E0D-8937-4F2FAADCA0EF}"
EndProject
Project("{FAE04EC0-301F-11D3-BF4B-00C04F79EFBC}") = "nunit.framework.tests-vs2008", "src\tests\nunit.framework.tests-vs2008.csproj", "{EA9871E3-9972-4476-821E-3961C28125E8}"
EndProject
Project("{2150E333-8FDC-42A3-9474-1A3956D46DE8}") = "Solution Items", "Solution Items", "{C6ED19D0-6DF5-44C4-B0FB-9D4760A3C1E1}"
	ProjectSection(SolutionItems) = preProject
		NUnitFramework.build = NUnitFramework.build
	EndProjectSection
EndProject
Project("{FAE04EC0-301F-11D3-BF4B-00C04F79EFBC}") = "nunitlite-vs2008", "src\framework\nunitlite-vs2008.csproj", "{0BFA7F0A-BC15-40A5-863A-FA9B55AE2FD3}"
EndProject
Project("{FAE04EC0-301F-11D3-BF4B-00C04F79EFBC}") = "nunitlite.tests-vs2008", "src\tests\nunitlite.tests-vs2008.csproj", "{0B5B1B19-D9D1-4E9C-80EE-37D4F56282C1}"
EndProject
Project("{FAE04EC0-301F-11D3-BF4B-00C04F79EFBC}") = "nunit.testdata-vs2008", "src\testdata\nunit.testdata-vs2008.csproj", "{15B64946-4989-4873-915C-3E181772FA03}"
EndProject
Project("{FAE04EC0-301F-11D3-BF4B-00C04F79EFBC}") = "nunitlite.testdata-vs2008", "src\testdata\nunitlite.testdata-vs2008.csproj", "{442DAB16-3063-4FE3-90B6-C29C3D85360D}"
EndProject
Project("{FAE04EC0-301F-11D3-BF4B-00C04F79EFBC}") = "mock-assembly-vs2008", "src\mock-assembly\mock-assembly-vs2008.csproj", "{2E368281-3BA8-4050-B05E-0E0E43F8F446}"
EndProject
Global
	GlobalSection(SolutionConfigurationPlatforms) = preSolution
		Debug|Any CPU = Debug|Any CPU
		Release|Any CPU = Release|Any CPU
	EndGlobalSection
	GlobalSection(ProjectConfigurationPlatforms) = postSolution
		{0B5B1B19-D9D1-4E9C-80EE-37D4F56282C1}.Debug|Any CPU.ActiveCfg = Debug|Any CPU
		{0B5B1B19-D9D1-4E9C-80EE-37D4F56282C1}.Debug|Any CPU.Build.0 = Debug|Any CPU
		{0B5B1B19-D9D1-4E9C-80EE-37D4F56282C1}.Release|Any CPU.ActiveCfg = Release|Any CPU
		{0B5B1B19-D9D1-4E9C-80EE-37D4F56282C1}.Release|Any CPU.Build.0 = Release|Any CPU
		{0BFA7F0A-BC15-40A5-863A-FA9B55AE2FD3}.Debug|Any CPU.ActiveCfg = Debug|Any CPU
		{0BFA7F0A-BC15-40A5-863A-FA9B55AE2FD3}.Debug|Any CPU.Build.0 = Debug|Any CPU
		{0BFA7F0A-BC15-40A5-863A-FA9B55AE2FD3}.Release|Any CPU.ActiveCfg = Release|Any CPU
		{0BFA7F0A-BC15-40A5-863A-FA9B55AE2FD3}.Release|Any CPU.Build.0 = Release|Any CPU
		{126DBBB4-1731-4E0D-8937-4F2FAADCA0EF}.Debug|Any CPU.ActiveCfg = Debug|Any CPU
		{126DBBB4-1731-4E0D-8937-4F2FAADCA0EF}.Debug|Any CPU.Build.0 = Debug|Any CPU
		{126DBBB4-1731-4E0D-8937-4F2FAADCA0EF}.Release|Any CPU.ActiveCfg = Release|Any CPU
		{126DBBB4-1731-4E0D-8937-4F2FAADCA0EF}.Release|Any CPU.Build.0 = Release|Any CPU
		{12B66B03-90F1-4992-BD33-BDF3C69AE49E}.Debug|Any CPU.ActiveCfg = Debug|Any CPU
		{12B66B03-90F1-4992-BD33-BDF3C69AE49E}.Debug|Any CPU.Build.0 = Debug|Any CPU
		{12B66B03-90F1-4992-BD33-BDF3C69AE49E}.Release|Any CPU.ActiveCfg = Release|Any CPU
		{12B66B03-90F1-4992-BD33-BDF3C69AE49E}.Release|Any CPU.Build.0 = Release|Any CPU
		{15B64946-4989-4873-915C-3E181772FA03}.Debug|Any CPU.ActiveCfg = Debug|Any CPU
		{15B64946-4989-4873-915C-3E181772FA03}.Debug|Any CPU.Build.0 = Debug|Any CPU
		{15B64946-4989-4873-915C-3E181772FA03}.Release|Any CPU.ActiveCfg = Release|Any CPU
		{15B64946-4989-4873-915C-3E181772FA03}.Release|Any CPU.Build.0 = Release|Any CPU
		{2E368281-3BA8-4050-B05E-0E0E43F8F446}.Debug|Any CPU.ActiveCfg = Debug|Any CPU
		{2E368281-3BA8-4050-B05E-0E0E43F8F446}.Debug|Any CPU.Build.0 = Debug|Any CPU
		{2E368281-3BA8-4050-B05E-0E0E43F8F446}.Release|Any CPU.ActiveCfg = Release|Any CPU
		{2E368281-3BA8-4050-B05E-0E0E43F8F446}.Release|Any CPU.Build.0 = Release|Any CPU
		{442DAB16-3063-4FE3-90B6-C29C3D85360D}.Debug|Any CPU.ActiveCfg = Debug|Any CPU
		{442DAB16-3063-4FE3-90B6-C29C3D85360D}.Debug|Any CPU.Build.0 = Debug|Any CPU
		{442DAB16-3063-4FE3-90B6-C29C3D85360D}.Release|Any CPU.ActiveCfg = Release|Any CPU
		{442DAB16-3063-4FE3-90B6-C29C3D85360D}.Release|Any CPU.Build.0 = Release|Any CPU
		{EA9871E3-9972-4476-821E-3961C28125E8}.Debug|Any CPU.ActiveCfg = Debug|Any CPU
		{EA9871E3-9972-4476-821E-3961C28125E8}.Debug|Any CPU.Build.0 = Debug|Any CPU
		{EA9871E3-9972-4476-821E-3961C28125E8}.Release|Any CPU.ActiveCfg = Release|Any CPU
		{EA9871E3-9972-4476-821E-3961C28125E8}.Release|Any CPU.Build.0 = Release|Any CPU
	EndGlobalSection
	GlobalSection(NestedProjects) = preSolution
	EndGlobalSection
	GlobalSection(MonoDevelopProperties) = preSolution
		StartupItems = $0
		$0.Item = src\direct-runner\direct-runner-vs2008.csproj
		$0.Item = src\tests\nunitlite.tests-vs2008.csproj
	EndGlobalSection
	GlobalSection(SolutionProperties) = preSolution
		HideSolutionNode = FALSE
	EndGlobalSection
EndGlobal
