Microsoft Visual Studio Solution File, Format Version 10.00
# Visual Studio 2008
Project("{FAE04EC0-301F-11D3-BF4B-00C04F79EFBC}") = "nunitlite-vs2008CF", "src\framework\nunitlite-vs2008CF.csproj", "{B41B7A5D-EF79-480D-A56C-D27F2622BB4D}"
EndProject
Project("{FAE04EC0-301F-11D3-BF4B-00C04F79EFBC}") = "nunitlite.tests-vs2008CF", "src\tests\nunitlite.tests-vs2008CF.csproj", "{74980C78-B8A2-4D64-8DC9-25E13DCE01E0}"
EndProject
Project("{FAE04EC0-301F-11D3-BF4B-00C04F79EFBC}") = "nunitlite.testdata-vs2008CF", "src\testdata\nunitlite.testdata-vs2008CF.csproj", "{C82D555A-80AF-46C8-A30B-4624BFCB1C30}"
EndProject
Global
	GlobalSection(SolutionConfigurationPlatforms) = preSolution
		Debug|Any CPU = Debug|Any CPU
		Release|Any CPU = Release|Any CPU
	EndGlobalSection
	GlobalSection(ProjectConfigurationPlatforms) = postSolution
		{B41B7A5D-EF79-480D-A56C-D27F2622BB4D}.Debug|Any CPU.ActiveCfg = Debug|Any CPU
		{B41B7A5D-EF79-480D-A56C-D27F2622BB4D}.Debug|Any CPU.Build.0 = Debug|Any CPU
		{B41B7A5D-EF79-480D-A56C-D27F2622BB4D}.Release|Any CPU.ActiveCfg = Release|Any CPU
		{B41B7A5D-EF79-480D-A56C-D27F2622BB4D}.Release|Any CPU.Build.0 = Release|Any CPU
		{74980C78-B8A2-4D64-8DC9-25E13DCE01E0}.Debug|Any CPU.ActiveCfg = Debug|Any CPU
		{74980C78-B8A2-4D64-8DC9-25E13DCE01E0}.Debug|Any CPU.Build.0 = Debug|Any CPU
		{74980C78-B8A2-4D64-8DC9-25E13DCE01E0}.Debug|Any CPU.Deploy.0 = Debug|Any CPU
		{74980C78-B8A2-4D64-8DC9-25E13DCE01E0}.Release|Any CPU.ActiveCfg = Release|Any CPU
		{74980C78-B8A2-4D64-8DC9-25E13DCE01E0}.Release|Any CPU.Build.0 = Release|Any CPU
		{74980C78-B8A2-4D64-8DC9-25E13DCE01E0}.Release|Any CPU.Deploy.0 = Release|Any CPU
		{C82D555A-80AF-46C8-A30B-4624BFCB1C30}.Debug|Any CPU.ActiveCfg = Debug|Any CPU
		{C82D555A-80AF-46C8-A30B-4624BFCB1C30}.Debug|Any CPU.Build.0 = Debug|Any CPU
		{C82D555A-80AF-46C8-A30B-4624BFCB1C30}.Release|Any CPU.ActiveCfg = Release|Any CPU
		{C82D555A-80AF-46C8-A30B-4624BFCB1C30}.Release|Any CPU.Build.0 = Release|Any CPU
	EndGlobalSection
	GlobalSection(SolutionProperties) = preSolution
		HideSolutionNode = FALSE
	EndGlobalSection
EndGlobal
